// !$*UTF8*$!
{
	archiveVersion = 1;
	classes = {
	};
	objectVersion = 46;
	objects = {

/* Begin PBXBuildFile section */
		14B281BC15BEF1040030CAC5 /* UIKit.framework in Frameworks */ = {isa = PBXBuildFile; fileRef = 14B281BB15BEF1040030CAC5 /* UIKit.framework */; };
		14B281BE15BEF1040030CAC5 /* Foundation.framework in Frameworks */ = {isa = PBXBuildFile; fileRef = 14B281BD15BEF1040030CAC5 /* Foundation.framework */; };
		14B281C015BEF1040030CAC5 /* CoreGraphics.framework in Frameworks */ = {isa = PBXBuildFile; fileRef = 14B281BF15BEF1040030CAC5 /* CoreGraphics.framework */; };
		14B281C615BEF1040030CAC5 /* InfoPlist.strings in Resources */ = {isa = PBXBuildFile; fileRef = 14B281C415BEF1040030CAC5 /* InfoPlist.strings */; };
		14B281C815BEF1040030CAC5 /* main.m in Sources */ = {isa = PBXBuildFile; fileRef = 14B281C715BEF1040030CAC5 /* main.m */; };
		14B281CC15BEF1040030CAC5 /* AppDelegate.m in Sources */ = {isa = PBXBuildFile; fileRef = 14B281CB15BEF1040030CAC5 /* AppDelegate.m */; };
		14B281CF15BEF1040030CAC5 /* MainStoryboard_iPhone.storyboard in Resources */ = {isa = PBXBuildFile; fileRef = 14B281CD15BEF1040030CAC5 /* MainStoryboard_iPhone.storyboard */; };
		14B281D215BEF1040030CAC5 /* MainStoryboard_iPad.storyboard in Resources */ = {isa = PBXBuildFile; fileRef = 14B281D015BEF1040030CAC5 /* MainStoryboard_iPad.storyboard */; };
		14B281D515BEF1040030CAC5 /* ViewController.m in Sources */ = {isa = PBXBuildFile; fileRef = 14B281D415BEF1040030CAC5 /* ViewController.m */; };
		14B2823915BEF11D0030CAC5 /* FMAboutPanel.m in Sources */ = {isa = PBXBuildFile; fileRef = 14B281DD15BEF11D0030CAC5 /* FMAboutPanel.m */; };
		14B2823A15BEF11D0030CAC5 /* applications.zip in Resources */ = {isa = PBXBuildFile; fileRef = 14B281DF15BEF11D0030CAC5 /* applications.zip */; };
		14B2823B15BEF11D0030CAC5 /* bg-flubber-panel@2x~ipad.png in Resources */ = {isa = PBXBuildFile; fileRef = 14B281E015BEF11D0030CAC5 /* bg-flubber-panel@2x~ipad.png */; };
		14B2823C15BEF11D0030CAC5 /* bg-flubber-panel@2x~iphone.png in Resources */ = {isa = PBXBuildFile; fileRef = 14B281E115BEF11D0030CAC5 /* bg-flubber-panel@2x~iphone.png */; };
		14B2823D15BEF11D0030CAC5 /* bg-flubber-panel~ipad.png in Resources */ = {isa = PBXBuildFile; fileRef = 14B281E215BEF11D0030CAC5 /* bg-flubber-panel~ipad.png */; };
		14B2823E15BEF11D0030CAC5 /* bg-flubber-panel~iphone.png in Resources */ = {isa = PBXBuildFile; fileRef = 14B281E315BEF11D0030CAC5 /* bg-flubber-panel~iphone.png */; };
		14B2823F15BEF11D0030CAC5 /* btn-close@2x~ipad.png in Resources */ = {isa = PBXBuildFile; fileRef = 14B281E415BEF11D0030CAC5 /* btn-close@2x~ipad.png */; };
		14B2824015BEF11D0030CAC5 /* btn-close@2x~iphone.png in Resources */ = {isa = PBXBuildFile; fileRef = 14B281E515BEF11D0030CAC5 /* btn-close@2x~iphone.png */; };
		14B2824115BEF11D0030CAC5 /* btn-close~ipad.png in Resources */ = {isa = PBXBuildFile; fileRef = 14B281E615BEF11D0030CAC5 /* btn-close~ipad.png */; };
		14B2824215BEF11D0030CAC5 /* btn-close~iphone.png in Resources */ = {isa = PBXBuildFile; fileRef = 14B281E715BEF11D0030CAC5 /* btn-close~iphone.png */; };
		14B2824315BEF11D0030CAC5 /* btn-info-panel-facebook@2x~ipad.png in Resources */ = {isa = PBXBuildFile; fileRef = 14B281E815BEF11D0030CAC5 /* btn-info-panel-facebook@2x~ipad.png */; };
		14B2824415BEF11D0030CAC5 /* btn-info-panel-facebook@2x~iphone.png in Resources */ = {isa = PBXBuildFile; fileRef = 14B281E915BEF11D0030CAC5 /* btn-info-panel-facebook@2x~iphone.png */; };
		14B2824515BEF11D0030CAC5 /* btn-info-panel-facebook~ipad.png in Resources */ = {isa = PBXBuildFile; fileRef = 14B281EA15BEF11D0030CAC5 /* btn-info-panel-facebook~ipad.png */; };
		14B2824615BEF11D0030CAC5 /* btn-info-panel-facebook~iphone.png in Resources */ = {isa = PBXBuildFile; fileRef = 14B281EB15BEF11D0030CAC5 /* btn-info-panel-facebook~iphone.png */; };
		14B2824715BEF11D0030CAC5 /* btn-info-panel-newsletter@2x~ipad.png in Resources */ = {isa = PBXBuildFile; fileRef = 14B281EC15BEF11D0030CAC5 /* btn-info-panel-newsletter@2x~ipad.png */; };
		14B2824815BEF11D0030CAC5 /* btn-info-panel-newsletter@2x~iphone.png in Resources */ = {isa = PBXBuildFile; fileRef = 14B281ED15BEF11D0030CAC5 /* btn-info-panel-newsletter@2x~iphone.png */; };
		14B2824915BEF11D0030CAC5 /* btn-info-panel-newsletter~ipad.png in Resources */ = {isa = PBXBuildFile; fileRef = 14B281EE15BEF11D0030CAC5 /* btn-info-panel-newsletter~ipad.png */; };
		14B2824A15BEF11D0030CAC5 /* btn-info-panel-newsletter~iphone.png in Resources */ = {isa = PBXBuildFile; fileRef = 14B281EF15BEF11D0030CAC5 /* btn-info-panel-newsletter~iphone.png */; };
		14B2824B15BEF11D0030CAC5 /* btn-info-panel-twitter@2x~ipad.png in Resources */ = {isa = PBXBuildFile; fileRef = 14B281F015BEF11D0030CAC5 /* btn-info-panel-twitter@2x~ipad.png */; };
		14B2824C15BEF11D0030CAC5 /* btn-info-panel-twitter@2x~iphone.png in Resources */ = {isa = PBXBuildFile; fileRef = 14B281F115BEF11D0030CAC5 /* btn-info-panel-twitter@2x~iphone.png */; };
		14B2824D15BEF11D0030CAC5 /* btn-info-panel-twitter~ipad.png in Resources */ = {isa = PBXBuildFile; fileRef = 14B281F215BEF11D0030CAC5 /* btn-info-panel-twitter~ipad.png */; };
		14B2824E15BEF11D0030CAC5 /* btn-info-panel-twitter~iphone.png in Resources */ = {isa = PBXBuildFile; fileRef = 14B281F315BEF11D0030CAC5 /* btn-info-panel-twitter~iphone.png */; };
		14B2824F15BEF11D0030CAC5 /* btn-info-panel-website@2x~ipad.png in Resources */ = {isa = PBXBuildFile; fileRef = 14B281F415BEF11D0030CAC5 /* btn-info-panel-website@2x~ipad.png */; };
		14B2825015BEF11D0030CAC5 /* btn-info-panel-website@2x~iphone.png in Resources */ = {isa = PBXBuildFile; fileRef = 14B281F515BEF11D0030CAC5 /* btn-info-panel-website@2x~iphone.png */; };
		14B2825115BEF11D0030CAC5 /* btn-info-panel-website~ipad.png in Resources */ = {isa = PBXBuildFile; fileRef = 14B281F615BEF11D0030CAC5 /* btn-info-panel-website~ipad.png */; };
		14B2825215BEF11D0030CAC5 /* btn-info-panel-website~iphone.png in Resources */ = {isa = PBXBuildFile; fileRef = 14B281F715BEF11D0030CAC5 /* btn-info-panel-website~iphone.png */; };
		14B2825315BEF11D0030CAC5 /* cover-download@2x~ipad.png in Resources */ = {isa = PBXBuildFile; fileRef = 14B281F815BEF11D0030CAC5 /* cover-download@2x~ipad.png */; };
		14B2825415BEF11D0030CAC5 /* cover-download@2x~iphone.png in Resources */ = {isa = PBXBuildFile; fileRef = 14B281F915BEF11D0030CAC5 /* cover-download@2x~iphone.png */; };
		14B2825515BEF11D0030CAC5 /* cover-download~ipad.png in Resources */ = {isa = PBXBuildFile; fileRef = 14B281FA15BEF11D0030CAC5 /* cover-download~ipad.png */; };
		14B2825615BEF11D0030CAC5 /* cover-download~iphone.png in Resources */ = {isa = PBXBuildFile; fileRef = 14B281FB15BEF11D0030CAC5 /* cover-download~iphone.png */; };
		14B2825715BEF11D0030CAC5 /* cover-launch@2x~ipad.png in Resources */ = {isa = PBXBuildFile; fileRef = 14B281FC15BEF11D0030CAC5 /* cover-launch@2x~ipad.png */; };
		14B2825815BEF11D0030CAC5 /* cover-launch@2x~iphone.png in Resources */ = {isa = PBXBuildFile; fileRef = 14B281FD15BEF11D0030CAC5 /* cover-launch@2x~iphone.png */; };
		14B2825915BEF11D0030CAC5 /* cover-launch~ipad.png in Resources */ = {isa = PBXBuildFile; fileRef = 14B281FE15BEF11D0030CAC5 /* cover-launch~ipad.png */; };
		14B2825A15BEF11D0030CAC5 /* cover-launch~iphone.png in Resources */ = {isa = PBXBuildFile; fileRef = 14B281FF15BEF11D0030CAC5 /* cover-launch~iphone.png */; };
		14B2825B15BEF11D0030CAC5 /* flubber-panel-logo@2x~ipad.png in Resources */ = {isa = PBXBuildFile; fileRef = 14B2820015BEF11D0030CAC5 /* flubber-panel-logo@2x~ipad.png */; };
		14B2825C15BEF11D0030CAC5 /* flubber-panel-logo@2x~iphone.png in Resources */ = {isa = PBXBuildFile; fileRef = 14B2820115BEF11D0030CAC5 /* flubber-panel-logo@2x~iphone.png */; };
		14B2825D15BEF11D0030CAC5 /* flubber-panel-logo~ipad.png in Resources */ = {isa = PBXBuildFile; fileRef = 14B2820215BEF11D0030CAC5 /* flubber-panel-logo~ipad.png */; };
		14B2825E15BEF11D0030CAC5 /* flubber-panel-logo~iphone.png in Resources */ = {isa = PBXBuildFile; fileRef = 14B2820315BEF11D0030CAC5 /* flubber-panel-logo~iphone.png */; };
		14B2825F15BEF11D0030CAC5 /* FMAboutPanel~ipad.xib in Resources */ = {isa = PBXBuildFile; fileRef = 14B2820415BEF11D0030CAC5 /* FMAboutPanel~ipad.xib */; };
		14B2826015BEF11D0030CAC5 /* FMAboutPanel~iphone.xib in Resources */ = {isa = PBXBuildFile; fileRef = 14B2820515BEF11D0030CAC5 /* FMAboutPanel~iphone.xib */; };
		14B2826115BEF11D0030CAC5 /* ioapi.c in Sources */ = {isa = PBXBuildFile; fileRef = 14B2820915BEF11D0030CAC5 /* ioapi.c */; };
		14B2826215BEF11D0030CAC5 /* mztools.c in Sources */ = {isa = PBXBuildFile; fileRef = 14B2820B15BEF11D0030CAC5 /* mztools.c */; };
		14B2826315BEF11D0030CAC5 /* unzip.c in Sources */ = {isa = PBXBuildFile; fileRef = 14B2820D15BEF11D0030CAC5 /* unzip.c */; };
		14B2826415BEF11D0030CAC5 /* zip.c in Sources */ = {isa = PBXBuildFile; fileRef = 14B2820F15BEF11D0030CAC5 /* zip.c */; };
		14B2826515BEF11D0030CAC5 /* FileInZipInfo.m in Sources */ = {isa = PBXBuildFile; fileRef = 14B2821415BEF11D0030CAC5 /* FileInZipInfo.m */; };
		14B2826615BEF11D0030CAC5 /* ZipException.m in Sources */ = {isa = PBXBuildFile; fileRef = 14B2821715BEF11D0030CAC5 /* ZipException.m */; };
		14B2826715BEF11D0030CAC5 /* ZipFile.m in Sources */ = {isa = PBXBuildFile; fileRef = 14B2821915BEF11D0030CAC5 /* ZipFile.m */; };
		14B2826815BEF11D0030CAC5 /* ZipReadStream.m in Sources */ = {isa = PBXBuildFile; fileRef = 14B2821B15BEF11D0030CAC5 /* ZipReadStream.m */; };
		14B2826915BEF11D0030CAC5 /* ZipWriteStream.m in Sources */ = {isa = PBXBuildFile; fileRef = 14B2821D15BEF11D0030CAC5 /* ZipWriteStream.m */; };
		14B2826A15BEF11D0030CAC5 /* adler32.c in Sources */ = {isa = PBXBuildFile; fileRef = 14B2821F15BEF11D0030CAC5 /* adler32.c */; };
		14B2826B15BEF11D0030CAC5 /* compress.c in Sources */ = {isa = PBXBuildFile; fileRef = 14B2822015BEF11D0030CAC5 /* compress.c */; };
		14B2826C15BEF11D0030CAC5 /* crc32.c in Sources */ = {isa = PBXBuildFile; fileRef = 14B2822115BEF11D0030CAC5 /* crc32.c */; };
		14B2826D15BEF11D0030CAC5 /* deflate.c in Sources */ = {isa = PBXBuildFile; fileRef = 14B2822315BEF11D0030CAC5 /* deflate.c */; };
		14B2826E15BEF11D0030CAC5 /* gzclose.c in Sources */ = {isa = PBXBuildFile; fileRef = 14B2822515BEF11D0030CAC5 /* gzclose.c */; };
		14B2826F15BEF11D0030CAC5 /* gzlib.c in Sources */ = {isa = PBXBuildFile; fileRef = 14B2822715BEF11D0030CAC5 /* gzlib.c */; };
		14B2827015BEF11D0030CAC5 /* gzread.c in Sources */ = {isa = PBXBuildFile; fileRef = 14B2822815BEF11D0030CAC5 /* gzread.c */; };
		14B2827115BEF11D0030CAC5 /* gzwrite.c in Sources */ = {isa = PBXBuildFile; fileRef = 14B2822915BEF11D0030CAC5 /* gzwrite.c */; };
		14B2827215BEF11D0030CAC5 /* infback.c in Sources */ = {isa = PBXBuildFile; fileRef = 14B2822A15BEF11D0030CAC5 /* infback.c */; };
		14B2827315BEF11D0030CAC5 /* inffast.c in Sources */ = {isa = PBXBuildFile; fileRef = 14B2822B15BEF11D0030CAC5 /* inffast.c */; };
		14B2827415BEF11D0030CAC5 /* inflate.c in Sources */ = {isa = PBXBuildFile; fileRef = 14B2822E15BEF11D0030CAC5 /* inflate.c */; };
		14B2827515BEF11D0030CAC5 /* inftrees.c in Sources */ = {isa = PBXBuildFile; fileRef = 14B2823015BEF11D0030CAC5 /* inftrees.c */; };
		14B2827615BEF11D0030CAC5 /* trees.c in Sources */ = {isa = PBXBuildFile; fileRef = 14B2823215BEF11D0030CAC5 /* trees.c */; };
		14B2827715BEF11D0030CAC5 /* uncompr.c in Sources */ = {isa = PBXBuildFile; fileRef = 14B2823415BEF11D0030CAC5 /* uncompr.c */; };
		14B2827815BEF11D0030CAC5 /* zutil.c in Sources */ = {isa = PBXBuildFile; fileRef = 14B2823715BEF11D0030CAC5 /* zutil.c */; };
		14FD2A2C15BF1D0100FEE5C4 /* Default-Landscape.png in Resources */ = {isa = PBXBuildFile; fileRef = 14FD2A2415BF1D0100FEE5C4 /* Default-Landscape.png */; };
		14FD2A2D15BF1D0100FEE5C4 /* Default-Portrait.png in Resources */ = {isa = PBXBuildFile; fileRef = 14FD2A2515BF1D0100FEE5C4 /* Default-Portrait.png */; };
		14FD2A2E15BF1D0100FEE5C4 /* Default.png in Resources */ = {isa = PBXBuildFile; fileRef = 14FD2A2615BF1D0100FEE5C4 /* Default.png */; };
		14FD2A2F15BF1D0100FEE5C4 /* Default@2x.png in Resources */ = {isa = PBXBuildFile; fileRef = 14FD2A2715BF1D0100FEE5C4 /* Default@2x.png */; };
		14FD2A3015BF1D0100FEE5C4 /* Icon-72.png in Resources */ = {isa = PBXBuildFile; fileRef = 14FD2A2815BF1D0100FEE5C4 /* Icon-72.png */; };
		14FD2A3115BF1D0100FEE5C4 /* Icon-72@2x.png in Resources */ = {isa = PBXBuildFile; fileRef = 14FD2A2915BF1D0100FEE5C4 /* Icon-72@2x.png */; };
		14FD2A3215BF1D0100FEE5C4 /* Icon.png in Resources */ = {isa = PBXBuildFile; fileRef = 14FD2A2A15BF1D0100FEE5C4 /* Icon.png */; };
		14FD2A3315BF1D0100FEE5C4 /* Icon@2x.png in Resources */ = {isa = PBXBuildFile; fileRef = 14FD2A2B15BF1D0100FEE5C4 /* Icon@2x.png */; };
		653B1EDE15E9AD0A006A091F /* ChimpKit.m in Sources */ = {isa = PBXBuildFile; fileRef = 653B1EDB15E9AD0A006A091F /* ChimpKit.m */; };
		65CE89E11617E39A009569A2 /* FMAboutPanel.strings in Resources */ = {isa = PBXBuildFile; fileRef = 65CE89D31617E39A009569A2 /* FMAboutPanel.strings */; };
		65CE89E21617E39A009569A2 /* FMAboutPanel.strings in Resources */ = {isa = PBXBuildFile; fileRef = 65CE89D61617E39A009569A2 /* FMAboutPanel.strings */; };
		65CE89E31617E39B009569A2 /* FMAboutPanel.strings in Resources */ = {isa = PBXBuildFile; fileRef = 65CE89D91617E39A009569A2 /* FMAboutPanel.strings */; };
		65CE89E41617E39B009569A2 /* FMAboutPanel.strings in Resources */ = {isa = PBXBuildFile; fileRef = 65CE89DC1617E39A009569A2 /* FMAboutPanel.strings */; };
		65CE89E51617E39B009569A2 /* FMAboutPanel.strings in Resources */ = {isa = PBXBuildFile; fileRef = 65CE89DF1617E39A009569A2 /* FMAboutPanel.strings */; };
/* End PBXBuildFile section */

/* Begin PBXFileReference section */
		14B281B715BEF1040030CAC5 /* Demo.app */ = {isa = PBXFileReference; explicitFileType = wrapper.application; includeInIndex = 0; path = Demo.app; sourceTree = BUILT_PRODUCTS_DIR; };
		14B281BB15BEF1040030CAC5 /* UIKit.framework */ = {isa = PBXFileReference; lastKnownFileType = wrapper.framework; name = UIKit.framework; path = System/Library/Frameworks/UIKit.framework; sourceTree = SDKROOT; };
		14B281BD15BEF1040030CAC5 /* Foundation.framework */ = {isa = PBXFileReference; lastKnownFileType = wrapper.framework; name = Foundation.framework; path = System/Library/Frameworks/Foundation.framework; sourceTree = SDKROOT; };
		14B281BF15BEF1040030CAC5 /* CoreGraphics.framework */ = {isa = PBXFileReference; lastKnownFileType = wrapper.framework; name = CoreGraphics.framework; path = System/Library/Frameworks/CoreGraphics.framework; sourceTree = SDKROOT; };
		14B281C315BEF1040030CAC5 /* Demo-Info.plist */ = {isa = PBXFileReference; lastKnownFileType = text.plist.xml; path = "Demo-Info.plist"; sourceTree = "<group>"; };
		14B281C515BEF1040030CAC5 /* en */ = {isa = PBXFileReference; lastKnownFileType = text.plist.strings; name = en; path = en.lproj/InfoPlist.strings; sourceTree = "<group>"; };
		14B281C715BEF1040030CAC5 /* main.m */ = {isa = PBXFileReference; lastKnownFileType = sourcecode.c.objc; path = main.m; sourceTree = "<group>"; };
		14B281C915BEF1040030CAC5 /* Demo-Prefix.pch */ = {isa = PBXFileReference; lastKnownFileType = sourcecode.c.h; path = "Demo-Prefix.pch"; sourceTree = "<group>"; };
		14B281CA15BEF1040030CAC5 /* AppDelegate.h */ = {isa = PBXFileReference; lastKnownFileType = sourcecode.c.h; path = AppDelegate.h; sourceTree = "<group>"; };
		14B281CB15BEF1040030CAC5 /* AppDelegate.m */ = {isa = PBXFileReference; lastKnownFileType = sourcecode.c.objc; path = AppDelegate.m; sourceTree = "<group>"; };
		14B281CE15BEF1040030CAC5 /* en */ = {isa = PBXFileReference; lastKnownFileType = file.storyboard; name = en; path = en.lproj/MainStoryboard_iPhone.storyboard; sourceTree = "<group>"; };
		14B281D115BEF1040030CAC5 /* en */ = {isa = PBXFileReference; lastKnownFileType = file.storyboard; name = en; path = en.lproj/MainStoryboard_iPad.storyboard; sourceTree = "<group>"; };
		14B281D315BEF1040030CAC5 /* ViewController.h */ = {isa = PBXFileReference; lastKnownFileType = sourcecode.c.h; path = ViewController.h; sourceTree = "<group>"; };
		14B281D415BEF1040030CAC5 /* ViewController.m */ = {isa = PBXFileReference; lastKnownFileType = sourcecode.c.objc; path = ViewController.m; sourceTree = "<group>"; };
		14B281DC15BEF11D0030CAC5 /* FMAboutPanel.h */ = {isa = PBXFileReference; fileEncoding = 4; lastKnownFileType = sourcecode.c.h; path = FMAboutPanel.h; sourceTree = "<group>"; };
		14B281DD15BEF11D0030CAC5 /* FMAboutPanel.m */ = {isa = PBXFileReference; fileEncoding = 4; lastKnownFileType = sourcecode.c.objc; path = FMAboutPanel.m; sourceTree = "<group>"; };
		14B281DF15BEF11D0030CAC5 /* applications.zip */ = {isa = PBXFileReference; lastKnownFileType = archive.zip; path = applications.zip; sourceTree = "<group>"; };
		14B281E015BEF11D0030CAC5 /* bg-flubber-panel@2x~ipad.png */ = {isa = PBXFileReference; lastKnownFileType = image.png; path = "bg-flubber-panel@2x~ipad.png"; sourceTree = "<group>"; };
		14B281E115BEF11D0030CAC5 /* bg-flubber-panel@2x~iphone.png */ = {isa = PBXFileReference; lastKnownFileType = image.png; path = "bg-flubber-panel@2x~iphone.png"; sourceTree = "<group>"; };
		14B281E215BEF11D0030CAC5 /* bg-flubber-panel~ipad.png */ = {isa = PBXFileReference; lastKnownFileType = image.png; path = "bg-flubber-panel~ipad.png"; sourceTree = "<group>"; };
		14B281E315BEF11D0030CAC5 /* bg-flubber-panel~iphone.png */ = {isa = PBXFileReference; lastKnownFileType = image.png; path = "bg-flubber-panel~iphone.png"; sourceTree = "<group>"; };
		14B281E415BEF11D0030CAC5 /* btn-close@2x~ipad.png */ = {isa = PBXFileReference; lastKnownFileType = image.png; path = "btn-close@2x~ipad.png"; sourceTree = "<group>"; };
		14B281E515BEF11D0030CAC5 /* btn-close@2x~iphone.png */ = {isa = PBXFileReference; lastKnownFileType = image.png; path = "btn-close@2x~iphone.png"; sourceTree = "<group>"; };
		14B281E615BEF11D0030CAC5 /* btn-close~ipad.png */ = {isa = PBXFileReference; lastKnownFileType = image.png; path = "btn-close~ipad.png"; sourceTree = "<group>"; };
		14B281E715BEF11D0030CAC5 /* btn-close~iphone.png */ = {isa = PBXFileReference; lastKnownFileType = image.png; path = "btn-close~iphone.png"; sourceTree = "<group>"; };
		14B281E815BEF11D0030CAC5 /* btn-info-panel-facebook@2x~ipad.png */ = {isa = PBXFileReference; lastKnownFileType = image.png; path = "btn-info-panel-facebook@2x~ipad.png"; sourceTree = "<group>"; };
		14B281E915BEF11D0030CAC5 /* btn-info-panel-facebook@2x~iphone.png */ = {isa = PBXFileReference; lastKnownFileType = image.png; path = "btn-info-panel-facebook@2x~iphone.png"; sourceTree = "<group>"; };
		14B281EA15BEF11D0030CAC5 /* btn-info-panel-facebook~ipad.png */ = {isa = PBXFileReference; lastKnownFileType = image.png; path = "btn-info-panel-facebook~ipad.png"; sourceTree = "<group>"; };
		14B281EB15BEF11D0030CAC5 /* btn-info-panel-facebook~iphone.png */ = {isa = PBXFileReference; lastKnownFileType = image.png; path = "btn-info-panel-facebook~iphone.png"; sourceTree = "<group>"; };
		14B281EC15BEF11D0030CAC5 /* btn-info-panel-newsletter@2x~ipad.png */ = {isa = PBXFileReference; lastKnownFileType = image.png; path = "btn-info-panel-newsletter@2x~ipad.png"; sourceTree = "<group>"; };
		14B281ED15BEF11D0030CAC5 /* btn-info-panel-newsletter@2x~iphone.png */ = {isa = PBXFileReference; lastKnownFileType = image.png; path = "btn-info-panel-newsletter@2x~iphone.png"; sourceTree = "<group>"; };
		14B281EE15BEF11D0030CAC5 /* btn-info-panel-newsletter~ipad.png */ = {isa = PBXFileReference; lastKnownFileType = image.png; path = "btn-info-panel-newsletter~ipad.png"; sourceTree = "<group>"; };
		14B281EF15BEF11D0030CAC5 /* btn-info-panel-newsletter~iphone.png */ = {isa = PBXFileReference; lastKnownFileType = image.png; path = "btn-info-panel-newsletter~iphone.png"; sourceTree = "<group>"; };
		14B281F015BEF11D0030CAC5 /* btn-info-panel-twitter@2x~ipad.png */ = {isa = PBXFileReference; lastKnownFileType = image.png; path = "btn-info-panel-twitter@2x~ipad.png"; sourceTree = "<group>"; };
		14B281F115BEF11D0030CAC5 /* btn-info-panel-twitter@2x~iphone.png */ = {isa = PBXFileReference; lastKnownFileType = image.png; path = "btn-info-panel-twitter@2x~iphone.png"; sourceTree = "<group>"; };
		14B281F215BEF11D0030CAC5 /* btn-info-panel-twitter~ipad.png */ = {isa = PBXFileReference; lastKnownFileType = image.png; path = "btn-info-panel-twitter~ipad.png"; sourceTree = "<group>"; };
		14B281F315BEF11D0030CAC5 /* btn-info-panel-twitter~iphone.png */ = {isa = PBXFileReference; lastKnownFileType = image.png; path = "btn-info-panel-twitter~iphone.png"; sourceTree = "<group>"; };
		14B281F415BEF11D0030CAC5 /* btn-info-panel-website@2x~ipad.png */ = {isa = PBXFileReference; lastKnownFileType = image.png; path = "btn-info-panel-website@2x~ipad.png"; sourceTree = "<group>"; };
		14B281F515BEF11D0030CAC5 /* btn-info-panel-website@2x~iphone.png */ = {isa = PBXFileReference; lastKnownFileType = image.png; path = "btn-info-panel-website@2x~iphone.png"; sourceTree = "<group>"; };
		14B281F615BEF11D0030CAC5 /* btn-info-panel-website~ipad.png */ = {isa = PBXFileReference; lastKnownFileType = image.png; path = "btn-info-panel-website~ipad.png"; sourceTree = "<group>"; };
		14B281F715BEF11D0030CAC5 /* btn-info-panel-website~iphone.png */ = {isa = PBXFileReference; lastKnownFileType = image.png; path = "btn-info-panel-website~iphone.png"; sourceTree = "<group>"; };
		14B281F815BEF11D0030CAC5 /* cover-download@2x~ipad.png */ = {isa = PBXFileReference; lastKnownFileType = image.png; path = "cover-download@2x~ipad.png"; sourceTree = "<group>"; };
		14B281F915BEF11D0030CAC5 /* cover-download@2x~iphone.png */ = {isa = PBXFileReference; lastKnownFileType = image.png; path = "cover-download@2x~iphone.png"; sourceTree = "<group>"; };
		14B281FA15BEF11D0030CAC5 /* cover-download~ipad.png */ = {isa = PBXFileReference; lastKnownFileType = image.png; path = "cover-download~ipad.png"; sourceTree = "<group>"; };
		14B281FB15BEF11D0030CAC5 /* cover-download~iphone.png */ = {isa = PBXFileReference; lastKnownFileType = image.png; path = "cover-download~iphone.png"; sourceTree = "<group>"; };
		14B281FC15BEF11D0030CAC5 /* cover-launch@2x~ipad.png */ = {isa = PBXFileReference; lastKnownFileType = image.png; path = "cover-launch@2x~ipad.png"; sourceTree = "<group>"; };
		14B281FD15BEF11D0030CAC5 /* cover-launch@2x~iphone.png */ = {isa = PBXFileReference; lastKnownFileType = image.png; path = "cover-launch@2x~iphone.png"; sourceTree = "<group>"; };
		14B281FE15BEF11D0030CAC5 /* cover-launch~ipad.png */ = {isa = PBXFileReference; lastKnownFileType = image.png; path = "cover-launch~ipad.png"; sourceTree = "<group>"; };
		14B281FF15BEF11D0030CAC5 /* cover-launch~iphone.png */ = {isa = PBXFileReference; lastKnownFileType = image.png; path = "cover-launch~iphone.png"; sourceTree = "<group>"; };
		14B2820015BEF11D0030CAC5 /* flubber-panel-logo@2x~ipad.png */ = {isa = PBXFileReference; lastKnownFileType = image.png; path = "flubber-panel-logo@2x~ipad.png"; sourceTree = "<group>"; };
		14B2820115BEF11D0030CAC5 /* flubber-panel-logo@2x~iphone.png */ = {isa = PBXFileReference; lastKnownFileType = image.png; path = "flubber-panel-logo@2x~iphone.png"; sourceTree = "<group>"; };
		14B2820215BEF11D0030CAC5 /* flubber-panel-logo~ipad.png */ = {isa = PBXFileReference; lastKnownFileType = image.png; path = "flubber-panel-logo~ipad.png"; sourceTree = "<group>"; };
		14B2820315BEF11D0030CAC5 /* flubber-panel-logo~iphone.png */ = {isa = PBXFileReference; lastKnownFileType = image.png; path = "flubber-panel-logo~iphone.png"; sourceTree = "<group>"; };
		14B2820415BEF11D0030CAC5 /* FMAboutPanel~ipad.xib */ = {isa = PBXFileReference; fileEncoding = 4; lastKnownFileType = file.xib; path = "FMAboutPanel~ipad.xib"; sourceTree = "<group>"; };
		14B2820515BEF11D0030CAC5 /* FMAboutPanel~iphone.xib */ = {isa = PBXFileReference; fileEncoding = 4; lastKnownFileType = file.xib; path = "FMAboutPanel~iphone.xib"; sourceTree = "<group>"; };
		14B2820815BEF11D0030CAC5 /* crypt.h */ = {isa = PBXFileReference; fileEncoding = 4; lastKnownFileType = sourcecode.c.h; path = crypt.h; sourceTree = "<group>"; };
		14B2820915BEF11D0030CAC5 /* ioapi.c */ = {isa = PBXFileReference; fileEncoding = 4; lastKnownFileType = sourcecode.c.c; path = ioapi.c; sourceTree = "<group>"; };
		14B2820A15BEF11D0030CAC5 /* ioapi.h */ = {isa = PBXFileReference; fileEncoding = 4; lastKnownFileType = sourcecode.c.h; path = ioapi.h; sourceTree = "<group>"; };
		14B2820B15BEF11D0030CAC5 /* mztools.c */ = {isa = PBXFileReference; fileEncoding = 4; lastKnownFileType = sourcecode.c.c; path = mztools.c; sourceTree = "<group>"; };
		14B2820C15BEF11D0030CAC5 /* mztools.h */ = {isa = PBXFileReference; fileEncoding = 4; lastKnownFileType = sourcecode.c.h; path = mztools.h; sourceTree = "<group>"; };
		14B2820D15BEF11D0030CAC5 /* unzip.c */ = {isa = PBXFileReference; fileEncoding = 4; lastKnownFileType = sourcecode.c.c; path = unzip.c; sourceTree = "<group>"; };
		14B2820E15BEF11D0030CAC5 /* unzip.h */ = {isa = PBXFileReference; fileEncoding = 4; lastKnownFileType = sourcecode.c.h; path = unzip.h; sourceTree = "<group>"; };
		14B2820F15BEF11D0030CAC5 /* zip.c */ = {isa = PBXFileReference; fileEncoding = 4; lastKnownFileType = sourcecode.c.c; path = zip.c; sourceTree = "<group>"; };
		14B2821015BEF11D0030CAC5 /* zip.h */ = {isa = PBXFileReference; fileEncoding = 4; lastKnownFileType = sourcecode.c.h; path = zip.h; sourceTree = "<group>"; };
		14B2821215BEF11D0030CAC5 /* ARCHelper.h */ = {isa = PBXFileReference; fileEncoding = 4; lastKnownFileType = sourcecode.c.h; path = ARCHelper.h; sourceTree = "<group>"; };
		14B2821315BEF11D0030CAC5 /* FileInZipInfo.h */ = {isa = PBXFileReference; fileEncoding = 4; lastKnownFileType = sourcecode.c.h; path = FileInZipInfo.h; sourceTree = "<group>"; };
		14B2821415BEF11D0030CAC5 /* FileInZipInfo.m */ = {isa = PBXFileReference; fileEncoding = 4; lastKnownFileType = sourcecode.c.objc; path = FileInZipInfo.m; sourceTree = "<group>"; };
		14B2821515BEF11D0030CAC5 /* ObjectiveZip.h */ = {isa = PBXFileReference; fileEncoding = 4; lastKnownFileType = sourcecode.c.h; path = ObjectiveZip.h; sourceTree = "<group>"; };
		14B2821615BEF11D0030CAC5 /* ZipException.h */ = {isa = PBXFileReference; fileEncoding = 4; lastKnownFileType = sourcecode.c.h; path = ZipException.h; sourceTree = "<group>"; };
		14B2821715BEF11D0030CAC5 /* ZipException.m */ = {isa = PBXFileReference; fileEncoding = 4; lastKnownFileType = sourcecode.c.objc; path = ZipException.m; sourceTree = "<group>"; };
		14B2821815BEF11D0030CAC5 /* ZipFile.h */ = {isa = PBXFileReference; fileEncoding = 4; lastKnownFileType = sourcecode.c.h; path = ZipFile.h; sourceTree = "<group>"; };
		14B2821915BEF11D0030CAC5 /* ZipFile.m */ = {isa = PBXFileReference; fileEncoding = 4; lastKnownFileType = sourcecode.c.objc; path = ZipFile.m; sourceTree = "<group>"; };
		14B2821A15BEF11D0030CAC5 /* ZipReadStream.h */ = {isa = PBXFileReference; fileEncoding = 4; lastKnownFileType = sourcecode.c.h; path = ZipReadStream.h; sourceTree = "<group>"; };
		14B2821B15BEF11D0030CAC5 /* ZipReadStream.m */ = {isa = PBXFileReference; fileEncoding = 4; lastKnownFileType = sourcecode.c.objc; path = ZipReadStream.m; sourceTree = "<group>"; };
		14B2821C15BEF11D0030CAC5 /* ZipWriteStream.h */ = {isa = PBXFileReference; fileEncoding = 4; lastKnownFileType = sourcecode.c.h; path = ZipWriteStream.h; sourceTree = "<group>"; };
		14B2821D15BEF11D0030CAC5 /* ZipWriteStream.m */ = {isa = PBXFileReference; fileEncoding = 4; lastKnownFileType = sourcecode.c.objc; path = ZipWriteStream.m; sourceTree = "<group>"; };
		14B2821F15BEF11D0030CAC5 /* adler32.c */ = {isa = PBXFileReference; fileEncoding = 4; lastKnownFileType = sourcecode.c.c; path = adler32.c; sourceTree = "<group>"; };
		14B2822015BEF11D0030CAC5 /* compress.c */ = {isa = PBXFileReference; fileEncoding = 4; lastKnownFileType = sourcecode.c.c; path = compress.c; sourceTree = "<group>"; };
		14B2822115BEF11D0030CAC5 /* crc32.c */ = {isa = PBXFileReference; fileEncoding = 4; lastKnownFileType = sourcecode.c.c; path = crc32.c; sourceTree = "<group>"; };
		14B2822215BEF11D0030CAC5 /* crc32.h */ = {isa = PBXFileReference; fileEncoding = 4; lastKnownFileType = sourcecode.c.h; path = crc32.h; sourceTree = "<group>"; };
		14B2822315BEF11D0030CAC5 /* deflate.c */ = {isa = PBXFileReference; fileEncoding = 4; lastKnownFileType = sourcecode.c.c; path = deflate.c; sourceTree = "<group>"; };
		14B2822415BEF11D0030CAC5 /* deflate.h */ = {isa = PBXFileReference; fileEncoding = 4; lastKnownFileType = sourcecode.c.h; path = deflate.h; sourceTree = "<group>"; };
		14B2822515BEF11D0030CAC5 /* gzclose.c */ = {isa = PBXFileReference; fileEncoding = 4; lastKnownFileType = sourcecode.c.c; path = gzclose.c; sourceTree = "<group>"; };
		14B2822615BEF11D0030CAC5 /* gzguts.h */ = {isa = PBXFileReference; fileEncoding = 4; lastKnownFileType = sourcecode.c.h; path = gzguts.h; sourceTree = "<group>"; };
		14B2822715BEF11D0030CAC5 /* gzlib.c */ = {isa = PBXFileReference; fileEncoding = 4; lastKnownFileType = sourcecode.c.c; path = gzlib.c; sourceTree = "<group>"; };
		14B2822815BEF11D0030CAC5 /* gzread.c */ = {isa = PBXFileReference; fileEncoding = 4; lastKnownFileType = sourcecode.c.c; path = gzread.c; sourceTree = "<group>"; };
		14B2822915BEF11D0030CAC5 /* gzwrite.c */ = {isa = PBXFileReference; fileEncoding = 4; lastKnownFileType = sourcecode.c.c; path = gzwrite.c; sourceTree = "<group>"; };
		14B2822A15BEF11D0030CAC5 /* infback.c */ = {isa = PBXFileReference; fileEncoding = 4; lastKnownFileType = sourcecode.c.c; path = infback.c; sourceTree = "<group>"; };
		14B2822B15BEF11D0030CAC5 /* inffast.c */ = {isa = PBXFileReference; fileEncoding = 4; lastKnownFileType = sourcecode.c.c; path = inffast.c; sourceTree = "<group>"; };
		14B2822C15BEF11D0030CAC5 /* inffast.h */ = {isa = PBXFileReference; fileEncoding = 4; lastKnownFileType = sourcecode.c.h; path = inffast.h; sourceTree = "<group>"; };
		14B2822D15BEF11D0030CAC5 /* inffixed.h */ = {isa = PBXFileReference; fileEncoding = 4; lastKnownFileType = sourcecode.c.h; path = inffixed.h; sourceTree = "<group>"; };
		14B2822E15BEF11D0030CAC5 /* inflate.c */ = {isa = PBXFileReference; fileEncoding = 4; lastKnownFileType = sourcecode.c.c; path = inflate.c; sourceTree = "<group>"; };
		14B2822F15BEF11D0030CAC5 /* inflate.h */ = {isa = PBXFileReference; fileEncoding = 4; lastKnownFileType = sourcecode.c.h; path = inflate.h; sourceTree = "<group>"; };
		14B2823015BEF11D0030CAC5 /* inftrees.c */ = {isa = PBXFileReference; fileEncoding = 4; lastKnownFileType = sourcecode.c.c; path = inftrees.c; sourceTree = "<group>"; };
		14B2823115BEF11D0030CAC5 /* inftrees.h */ = {isa = PBXFileReference; fileEncoding = 4; lastKnownFileType = sourcecode.c.h; path = inftrees.h; sourceTree = "<group>"; };
		14B2823215BEF11D0030CAC5 /* trees.c */ = {isa = PBXFileReference; fileEncoding = 4; lastKnownFileType = sourcecode.c.c; path = trees.c; sourceTree = "<group>"; };
		14B2823315BEF11D0030CAC5 /* trees.h */ = {isa = PBXFileReference; fileEncoding = 4; lastKnownFileType = sourcecode.c.h; path = trees.h; sourceTree = "<group>"; };
		14B2823415BEF11D0030CAC5 /* uncompr.c */ = {isa = PBXFileReference; fileEncoding = 4; lastKnownFileType = sourcecode.c.c; path = uncompr.c; sourceTree = "<group>"; };
		14B2823515BEF11D0030CAC5 /* zconf.h */ = {isa = PBXFileReference; fileEncoding = 4; lastKnownFileType = sourcecode.c.h; path = zconf.h; sourceTree = "<group>"; };
		14B2823615BEF11D0030CAC5 /* zlib.h */ = {isa = PBXFileReference; fileEncoding = 4; lastKnownFileType = sourcecode.c.h; path = zlib.h; sourceTree = "<group>"; };
		14B2823715BEF11D0030CAC5 /* zutil.c */ = {isa = PBXFileReference; fileEncoding = 4; lastKnownFileType = sourcecode.c.c; path = zutil.c; sourceTree = "<group>"; };
		14B2823815BEF11D0030CAC5 /* zutil.h */ = {isa = PBXFileReference; fileEncoding = 4; lastKnownFileType = sourcecode.c.h; path = zutil.h; sourceTree = "<group>"; };
		14FD2A2415BF1D0100FEE5C4 /* Default-Landscape.png */ = {isa = PBXFileReference; lastKnownFileType = image.png; path = "Default-Landscape.png"; sourceTree = "<group>"; };
		14FD2A2515BF1D0100FEE5C4 /* Default-Portrait.png */ = {isa = PBXFileReference; lastKnownFileType = image.png; path = "Default-Portrait.png"; sourceTree = "<group>"; };
		14FD2A2615BF1D0100FEE5C4 /* Default.png */ = {isa = PBXFileReference; lastKnownFileType = image.png; path = Default.png; sourceTree = "<group>"; };
		14FD2A2715BF1D0100FEE5C4 /* Default@2x.png */ = {isa = PBXFileReference; lastKnownFileType = image.png; path = "Default@2x.png"; sourceTree = "<group>"; };
		14FD2A2815BF1D0100FEE5C4 /* Icon-72.png */ = {isa = PBXFileReference; lastKnownFileType = image.png; path = "Icon-72.png"; sourceTree = "<group>"; };
		14FD2A2915BF1D0100FEE5C4 /* Icon-72@2x.png */ = {isa = PBXFileReference; lastKnownFileType = image.png; path = "Icon-72@2x.png"; sourceTree = "<group>"; };
		14FD2A2A15BF1D0100FEE5C4 /* Icon.png */ = {isa = PBXFileReference; lastKnownFileType = image.png; path = Icon.png; sourceTree = "<group>"; };
		14FD2A2B15BF1D0100FEE5C4 /* Icon@2x.png */ = {isa = PBXFileReference; lastKnownFileType = image.png; path = "Icon@2x.png"; sourceTree = "<group>"; };
		653B1EDA15E9AD0A006A091F /* ChimpKit.h */ = {isa = PBXFileReference; fileEncoding = 4; lastKnownFileType = sourcecode.c.h; path = ChimpKit.h; sourceTree = "<group>"; };
		653B1EDB15E9AD0A006A091F /* ChimpKit.m */ = {isa = PBXFileReference; fileEncoding = 4; lastKnownFileType = sourcecode.c.objc; path = ChimpKit.m; sourceTree = "<group>"; };
		65CE89D41617E39A009569A2 /* de */ = {isa = PBXFileReference; lastKnownFileType = text.plist.strings; name = de; path = FMAboutPanel.strings; sourceTree = "<group>"; };
		65CE89D71617E39A009569A2 /* en */ = {isa = PBXFileReference; lastKnownFileType = text.plist.strings; name = en; path = FMAboutPanel.strings; sourceTree = "<group>"; };
		65CE89DA1617E39A009569A2 /* es */ = {isa = PBXFileReference; lastKnownFileType = text.plist.strings; name = es; path = FMAboutPanel.strings; sourceTree = "<group>"; };
		65CE89DD1617E39A009569A2 /* fr */ = {isa = PBXFileReference; lastKnownFileType = text.plist.strings; name = fr; path = FMAboutPanel.strings; sourceTree = "<group>"; };
		65CE89E01617E39A009569A2 /* it */ = {isa = PBXFileReference; lastKnownFileType = text.plist.strings; name = it; path = FMAboutPanel.strings; sourceTree = "<group>"; };
/* End PBXFileReference section */

/* Begin PBXFrameworksBuildPhase section */
		14B281B415BEF1040030CAC5 /* Frameworks */ = {
			isa = PBXFrameworksBuildPhase;
			buildActionMask = 2147483647;
			files = (
				14B281BC15BEF1040030CAC5 /* UIKit.framework in Frameworks */,
				14B281BE15BEF1040030CAC5 /* Foundation.framework in Frameworks */,
				14B281C015BEF1040030CAC5 /* CoreGraphics.framework in Frameworks */,
			);
			runOnlyForDeploymentPostprocessing = 0;
		};
/* End PBXFrameworksBuildPhase section */

/* Begin PBXGroup section */
		14B281AC15BEF1040030CAC5 = {
			isa = PBXGroup;
			children = (
				14B281DB15BEF11D0030CAC5 /* FMAboutPanel */,
				14B281C115BEF1040030CAC5 /* Demo */,
				14B281BA15BEF1040030CAC5 /* Frameworks */,
				14B281B815BEF1040030CAC5 /* Products */,
			);
			sourceTree = "<group>";
		};
		14B281B815BEF1040030CAC5 /* Products */ = {
			isa = PBXGroup;
			children = (
				14B281B715BEF1040030CAC5 /* Demo.app */,
			);
			name = Products;
			sourceTree = "<group>";
		};
		14B281BA15BEF1040030CAC5 /* Frameworks */ = {
			isa = PBXGroup;
			children = (
				14B281BB15BEF1040030CAC5 /* UIKit.framework */,
				14B281BD15BEF1040030CAC5 /* Foundation.framework */,
				14B281BF15BEF1040030CAC5 /* CoreGraphics.framework */,
			);
			name = Frameworks;
			sourceTree = "<group>";
		};
		14B281C115BEF1040030CAC5 /* Demo */ = {
			isa = PBXGroup;
			children = (
				14B281CA15BEF1040030CAC5 /* AppDelegate.h */,
				14B281CB15BEF1040030CAC5 /* AppDelegate.m */,
				14B281D315BEF1040030CAC5 /* ViewController.h */,
				14B281D415BEF1040030CAC5 /* ViewController.m */,
				14B281CD15BEF1040030CAC5 /* MainStoryboard_iPhone.storyboard */,
				14B281D015BEF1040030CAC5 /* MainStoryboard_iPad.storyboard */,
				14FD2A2315BF1D0100FEE5C4 /* Images */,
				14B281C215BEF1040030CAC5 /* Supporting Files */,
			);
			path = Demo;
			sourceTree = "<group>";
		};
		14B281C215BEF1040030CAC5 /* Supporting Files */ = {
			isa = PBXGroup;
			children = (
				14B281C315BEF1040030CAC5 /* Demo-Info.plist */,
				14B281C415BEF1040030CAC5 /* InfoPlist.strings */,
				14B281C715BEF1040030CAC5 /* main.m */,
				14B281C915BEF1040030CAC5 /* Demo-Prefix.pch */,
			);
			name = "Supporting Files";
			sourceTree = "<group>";
		};
		14B281DB15BEF11D0030CAC5 /* FMAboutPanel */ = {
			isa = PBXGroup;
			children = (
				14B281DC15BEF11D0030CAC5 /* FMAboutPanel.h */,
				14B281DD15BEF11D0030CAC5 /* FMAboutPanel.m */,
				14B281DE15BEF11D0030CAC5 /* FMAboutPanel.resources */,
				14B2820615BEF11D0030CAC5 /* FMAboutPanel.sources */,
			);
			name = FMAboutPanel;
			path = ../FMAboutPanel;
			sourceTree = "<group>";
		};
		14B281DE15BEF11D0030CAC5 /* FMAboutPanel.resources */ = {
			isa = PBXGroup;
			children = (
				65CE89D21617E39A009569A2 /* de.lproj */,
				65CE89D51617E39A009569A2 /* en.lproj */,
				65CE89D81617E39A009569A2 /* es.lproj */,
				65CE89DB1617E39A009569A2 /* fr.lproj */,
				65CE89DE1617E39A009569A2 /* it.lproj */,
				14B281DF15BEF11D0030CAC5 /* applications.zip */,
				14B281E015BEF11D0030CAC5 /* bg-flubber-panel@2x~ipad.png */,
				14B281E115BEF11D0030CAC5 /* bg-flubber-panel@2x~iphone.png */,
				14B281E215BEF11D0030CAC5 /* bg-flubber-panel~ipad.png */,
				14B281E315BEF11D0030CAC5 /* bg-flubber-panel~iphone.png */,
				14B281E415BEF11D0030CAC5 /* btn-close@2x~ipad.png */,
				14B281E515BEF11D0030CAC5 /* btn-close@2x~iphone.png */,
				14B281E615BEF11D0030CAC5 /* btn-close~ipad.png */,
				14B281E715BEF11D0030CAC5 /* btn-close~iphone.png */,
				14B281E815BEF11D0030CAC5 /* btn-info-panel-facebook@2x~ipad.png */,
				14B281E915BEF11D0030CAC5 /* btn-info-panel-facebook@2x~iphone.png */,
				14B281EA15BEF11D0030CAC5 /* btn-info-panel-facebook~ipad.png */,
				14B281EB15BEF11D0030CAC5 /* btn-info-panel-facebook~iphone.png */,
				14B281EC15BEF11D0030CAC5 /* btn-info-panel-newsletter@2x~ipad.png */,
				14B281ED15BEF11D0030CAC5 /* btn-info-panel-newsletter@2x~iphone.png */,
				14B281EE15BEF11D0030CAC5 /* btn-info-panel-newsletter~ipad.png */,
				14B281EF15BEF11D0030CAC5 /* btn-info-panel-newsletter~iphone.png */,
				14B281F015BEF11D0030CAC5 /* btn-info-panel-twitter@2x~ipad.png */,
				14B281F115BEF11D0030CAC5 /* btn-info-panel-twitter@2x~iphone.png */,
				14B281F215BEF11D0030CAC5 /* btn-info-panel-twitter~ipad.png */,
				14B281F315BEF11D0030CAC5 /* btn-info-panel-twitter~iphone.png */,
				14B281F415BEF11D0030CAC5 /* btn-info-panel-website@2x~ipad.png */,
				14B281F515BEF11D0030CAC5 /* btn-info-panel-website@2x~iphone.png */,
				14B281F615BEF11D0030CAC5 /* btn-info-panel-website~ipad.png */,
				14B281F715BEF11D0030CAC5 /* btn-info-panel-website~iphone.png */,
				14B281F815BEF11D0030CAC5 /* cover-download@2x~ipad.png */,
				14B281F915BEF11D0030CAC5 /* cover-download@2x~iphone.png */,
				14B281FA15BEF11D0030CAC5 /* cover-download~ipad.png */,
				14B281FB15BEF11D0030CAC5 /* cover-download~iphone.png */,
				14B281FC15BEF11D0030CAC5 /* cover-launch@2x~ipad.png */,
				14B281FD15BEF11D0030CAC5 /* cover-launch@2x~iphone.png */,
				14B281FE15BEF11D0030CAC5 /* cover-launch~ipad.png */,
				14B281FF15BEF11D0030CAC5 /* cover-launch~iphone.png */,
				14B2820015BEF11D0030CAC5 /* flubber-panel-logo@2x~ipad.png */,
				14B2820115BEF11D0030CAC5 /* flubber-panel-logo@2x~iphone.png */,
				14B2820215BEF11D0030CAC5 /* flubber-panel-logo~ipad.png */,
				14B2820315BEF11D0030CAC5 /* flubber-panel-logo~iphone.png */,
				14B2820415BEF11D0030CAC5 /* FMAboutPanel~ipad.xib */,
				14B2820515BEF11D0030CAC5 /* FMAboutPanel~iphone.xib */,
			);
			path = FMAboutPanel.resources;
			sourceTree = "<group>";
		};
		14B2820615BEF11D0030CAC5 /* FMAboutPanel.sources */ = {
			isa = PBXGroup;
			children = (
				653B1ED915E9AD0A006A091F /* ChimpKit */,
				14B2820715BEF11D0030CAC5 /* MiniZip */,
				14B2821115BEF11D0030CAC5 /* Objective-Zip */,
				14B2821E15BEF11D0030CAC5 /* ZLib */,
			);
			path = FMAboutPanel.sources;
			sourceTree = "<group>";
		};
		14B2820715BEF11D0030CAC5 /* MiniZip */ = {
			isa = PBXGroup;
			children = (
				14B2820815BEF11D0030CAC5 /* crypt.h */,
				14B2820915BEF11D0030CAC5 /* ioapi.c */,
				14B2820A15BEF11D0030CAC5 /* ioapi.h */,
				14B2820B15BEF11D0030CAC5 /* mztools.c */,
				14B2820C15BEF11D0030CAC5 /* mztools.h */,
				14B2820D15BEF11D0030CAC5 /* unzip.c */,
				14B2820E15BEF11D0030CAC5 /* unzip.h */,
				14B2820F15BEF11D0030CAC5 /* zip.c */,
				14B2821015BEF11D0030CAC5 /* zip.h */,
			);
			path = MiniZip;
			sourceTree = "<group>";
		};
		14B2821115BEF11D0030CAC5 /* Objective-Zip */ = {
			isa = PBXGroup;
			children = (
				14B2821215BEF11D0030CAC5 /* ARCHelper.h */,
				14B2821315BEF11D0030CAC5 /* FileInZipInfo.h */,
				14B2821415BEF11D0030CAC5 /* FileInZipInfo.m */,
				14B2821515BEF11D0030CAC5 /* ObjectiveZip.h */,
				14B2821615BEF11D0030CAC5 /* ZipException.h */,
				14B2821715BEF11D0030CAC5 /* ZipException.m */,
				14B2821815BEF11D0030CAC5 /* ZipFile.h */,
				14B2821915BEF11D0030CAC5 /* ZipFile.m */,
				14B2821A15BEF11D0030CAC5 /* ZipReadStream.h */,
				14B2821B15BEF11D0030CAC5 /* ZipReadStream.m */,
				14B2821C15BEF11D0030CAC5 /* ZipWriteStream.h */,
				14B2821D15BEF11D0030CAC5 /* ZipWriteStream.m */,
			);
			path = "Objective-Zip";
			sourceTree = "<group>";
		};
		14B2821E15BEF11D0030CAC5 /* ZLib */ = {
			isa = PBXGroup;
			children = (
				14B2821F15BEF11D0030CAC5 /* adler32.c */,
				14B2822015BEF11D0030CAC5 /* compress.c */,
				14B2822115BEF11D0030CAC5 /* crc32.c */,
				14B2822215BEF11D0030CAC5 /* crc32.h */,
				14B2822315BEF11D0030CAC5 /* deflate.c */,
				14B2822415BEF11D0030CAC5 /* deflate.h */,
				14B2822515BEF11D0030CAC5 /* gzclose.c */,
				14B2822615BEF11D0030CAC5 /* gzguts.h */,
				14B2822715BEF11D0030CAC5 /* gzlib.c */,
				14B2822815BEF11D0030CAC5 /* gzread.c */,
				14B2822915BEF11D0030CAC5 /* gzwrite.c */,
				14B2822A15BEF11D0030CAC5 /* infback.c */,
				14B2822B15BEF11D0030CAC5 /* inffast.c */,
				14B2822C15BEF11D0030CAC5 /* inffast.h */,
				14B2822D15BEF11D0030CAC5 /* inffixed.h */,
				14B2822E15BEF11D0030CAC5 /* inflate.c */,
				14B2822F15BEF11D0030CAC5 /* inflate.h */,
				14B2823015BEF11D0030CAC5 /* inftrees.c */,
				14B2823115BEF11D0030CAC5 /* inftrees.h */,
				14B2823215BEF11D0030CAC5 /* trees.c */,
				14B2823315BEF11D0030CAC5 /* trees.h */,
				14B2823415BEF11D0030CAC5 /* uncompr.c */,
				14B2823515BEF11D0030CAC5 /* zconf.h */,
				14B2823615BEF11D0030CAC5 /* zlib.h */,
				14B2823715BEF11D0030CAC5 /* zutil.c */,
				14B2823815BEF11D0030CAC5 /* zutil.h */,
			);
			path = ZLib;
			sourceTree = "<group>";
		};
		14FD2A2315BF1D0100FEE5C4 /* Images */ = {
			isa = PBXGroup;
			children = (
				14FD2A2415BF1D0100FEE5C4 /* Default-Landscape.png */,
				14FD2A2515BF1D0100FEE5C4 /* Default-Portrait.png */,
				14FD2A2615BF1D0100FEE5C4 /* Default.png */,
				14FD2A2715BF1D0100FEE5C4 /* Default@2x.png */,
				14FD2A2815BF1D0100FEE5C4 /* Icon-72.png */,
				14FD2A2915BF1D0100FEE5C4 /* Icon-72@2x.png */,
				14FD2A2A15BF1D0100FEE5C4 /* Icon.png */,
				14FD2A2B15BF1D0100FEE5C4 /* Icon@2x.png */,
			);
			path = Images;
			sourceTree = "<group>";
		};
		653B1ED915E9AD0A006A091F /* ChimpKit */ = {
			isa = PBXGroup;
			children = (
				653B1EDA15E9AD0A006A091F /* ChimpKit.h */,
				653B1EDB15E9AD0A006A091F /* ChimpKit.m */,
			);
			path = ChimpKit;
			sourceTree = "<group>";
		};
		65CE89D21617E39A009569A2 /* de.lproj */ = {
			isa = PBXGroup;
			children = (
				65CE89D31617E39A009569A2 /* FMAboutPanel.strings */,
			);
			path = de.lproj;
			sourceTree = "<group>";
		};
		65CE89D51617E39A009569A2 /* en.lproj */ = {
			isa = PBXGroup;
			children = (
				65CE89D61617E39A009569A2 /* FMAboutPanel.strings */,
			);
			path = en.lproj;
			sourceTree = "<group>";
		};
		65CE89D81617E39A009569A2 /* es.lproj */ = {
			isa = PBXGroup;
			children = (
				65CE89D91617E39A009569A2 /* FMAboutPanel.strings */,
			);
			path = es.lproj;
			sourceTree = "<group>";
		};
		65CE89DB1617E39A009569A2 /* fr.lproj */ = {
			isa = PBXGroup;
			children = (
				65CE89DC1617E39A009569A2 /* FMAboutPanel.strings */,
			);
			path = fr.lproj;
			sourceTree = "<group>";
		};
		65CE89DE1617E39A009569A2 /* it.lproj */ = {
			isa = PBXGroup;
			children = (
				65CE89DF1617E39A009569A2 /* FMAboutPanel.strings */,
			);
			path = it.lproj;
			sourceTree = "<group>";
		};
/* End PBXGroup section */

/* Begin PBXNativeTarget section */
		14B281B615BEF1040030CAC5 /* Demo */ = {
			isa = PBXNativeTarget;
			buildConfigurationList = 14B281D815BEF1040030CAC5 /* Build configuration list for PBXNativeTarget "Demo" */;
			buildPhases = (
				14B281B315BEF1040030CAC5 /* Sources */,
				14B281B415BEF1040030CAC5 /* Frameworks */,
				14B281B515BEF1040030CAC5 /* Resources */,
			);
			buildRules = (
			);
			dependencies = (
			);
			name = Demo;
			productName = Demo;
			productReference = 14B281B715BEF1040030CAC5 /* Demo.app */;
			productType = "com.apple.product-type.application";
		};
/* End PBXNativeTarget section */

/* Begin PBXProject section */
		14B281AE15BEF1040030CAC5 /* Project object */ = {
			isa = PBXProject;
			attributes = {
				LastUpgradeCheck = 0430;
				ORGANIZATIONNAME = "Flubber Media Ltd";
			};
			buildConfigurationList = 14B281B115BEF1040030CAC5 /* Build configuration list for PBXProject "Demo" */;
			compatibilityVersion = "Xcode 3.2";
			developmentRegion = English;
			hasScannedForEncodings = 0;
			knownRegions = (
				en,
				de,
				es,
				fr,
				it,
			);
			mainGroup = 14B281AC15BEF1040030CAC5;
			productRefGroup = 14B281B815BEF1040030CAC5 /* Products */;
			projectDirPath = "";
			projectRoot = "";
			targets = (
				14B281B615BEF1040030CAC5 /* Demo */,
			);
		};
/* End PBXProject section */

/* Begin PBXResourcesBuildPhase section */
		14B281B515BEF1040030CAC5 /* Resources */ = {
			isa = PBXResourcesBuildPhase;
			buildActionMask = 2147483647;
			files = (
				14B281C615BEF1040030CAC5 /* InfoPlist.strings in Resources */,
				14B281CF15BEF1040030CAC5 /* MainStoryboard_iPhone.storyboard in Resources */,
				14B281D215BEF1040030CAC5 /* MainStoryboard_iPad.storyboard in Resources */,
				14B2823A15BEF11D0030CAC5 /* applications.zip in Resources */,
				14B2823B15BEF11D0030CAC5 /* bg-flubber-panel@2x~ipad.png in Resources */,
				14B2823C15BEF11D0030CAC5 /* bg-flubber-panel@2x~iphone.png in Resources */,
				14B2823D15BEF11D0030CAC5 /* bg-flubber-panel~ipad.png in Resources */,
				14B2823E15BEF11D0030CAC5 /* bg-flubber-panel~iphone.png in Resources */,
				14B2823F15BEF11D0030CAC5 /* btn-close@2x~ipad.png in Resources */,
				14B2824015BEF11D0030CAC5 /* btn-close@2x~iphone.png in Resources */,
				14B2824115BEF11D0030CAC5 /* btn-close~ipad.png in Resources */,
				14B2824215BEF11D0030CAC5 /* btn-close~iphone.png in Resources */,
				14B2824315BEF11D0030CAC5 /* btn-info-panel-facebook@2x~ipad.png in Resources */,
				14B2824415BEF11D0030CAC5 /* btn-info-panel-facebook@2x~iphone.png in Resources */,
				14B2824515BEF11D0030CAC5 /* btn-info-panel-facebook~ipad.png in Resources */,
				14B2824615BEF11D0030CAC5 /* btn-info-panel-facebook~iphone.png in Resources */,
				14B2824715BEF11D0030CAC5 /* btn-info-panel-newsletter@2x~ipad.png in Resources */,
				14B2824815BEF11D0030CAC5 /* btn-info-panel-newsletter@2x~iphone.png in Resources */,
				14B2824915BEF11D0030CAC5 /* btn-info-panel-newsletter~ipad.png in Resources */,
				14B2824A15BEF11D0030CAC5 /* btn-info-panel-newsletter~iphone.png in Resources */,
				14B2824B15BEF11D0030CAC5 /* btn-info-panel-twitter@2x~ipad.png in Resources */,
				14B2824C15BEF11D0030CAC5 /* btn-info-panel-twitter@2x~iphone.png in Resources */,
				14B2824D15BEF11D0030CAC5 /* btn-info-panel-twitter~ipad.png in Resources */,
				14B2824E15BEF11D0030CAC5 /* btn-info-panel-twitter~iphone.png in Resources */,
				14B2824F15BEF11D0030CAC5 /* btn-info-panel-website@2x~ipad.png in Resources */,
				14B2825015BEF11D0030CAC5 /* btn-info-panel-website@2x~iphone.png in Resources */,
				14B2825115BEF11D0030CAC5 /* btn-info-panel-website~ipad.png in Resources */,
				14B2825215BEF11D0030CAC5 /* btn-info-panel-website~iphone.png in Resources */,
				14B2825315BEF11D0030CAC5 /* cover-download@2x~ipad.png in Resources */,
				14B2825415BEF11D0030CAC5 /* cover-download@2x~iphone.png in Resources */,
				14B2825515BEF11D0030CAC5 /* cover-download~ipad.png in Resources */,
				14B2825615BEF11D0030CAC5 /* cover-download~iphone.png in Resources */,
				14B2825715BEF11D0030CAC5 /* cover-launch@2x~ipad.png in Resources */,
				14B2825815BEF11D0030CAC5 /* cover-launch@2x~iphone.png in Resources */,
				14B2825915BEF11D0030CAC5 /* cover-launch~ipad.png in Resources */,
				14B2825A15BEF11D0030CAC5 /* cover-launch~iphone.png in Resources */,
				14B2825B15BEF11D0030CAC5 /* flubber-panel-logo@2x~ipad.png in Resources */,
				14B2825C15BEF11D0030CAC5 /* flubber-panel-logo@2x~iphone.png in Resources */,
				14B2825D15BEF11D0030CAC5 /* flubber-panel-logo~ipad.png in Resources */,
				14B2825E15BEF11D0030CAC5 /* flubber-panel-logo~iphone.png in Resources */,
				14B2825F15BEF11D0030CAC5 /* FMAboutPanel~ipad.xib in Resources */,
				14B2826015BEF11D0030CAC5 /* FMAboutPanel~iphone.xib in Resources */,
				14FD2A2C15BF1D0100FEE5C4 /* Default-Landscape.png in Resources */,
				14FD2A2D15BF1D0100FEE5C4 /* Default-Portrait.png in Resources */,
				14FD2A2E15BF1D0100FEE5C4 /* Default.png in Resources */,
				14FD2A2F15BF1D0100FEE5C4 /* Default@2x.png in Resources */,
				14FD2A3015BF1D0100FEE5C4 /* Icon-72.png in Resources */,
				14FD2A3115BF1D0100FEE5C4 /* Icon-72@2x.png in Resources */,
				14FD2A3215BF1D0100FEE5C4 /* Icon.png in Resources */,
				14FD2A3315BF1D0100FEE5C4 /* Icon@2x.png in Resources */,
				65CE89E11617E39A009569A2 /* FMAboutPanel.strings in Resources */,
				65CE89E21617E39A009569A2 /* FMAboutPanel.strings in Resources */,
				65CE89E31617E39B009569A2 /* FMAboutPanel.strings in Resources */,
				65CE89E41617E39B009569A2 /* FMAboutPanel.strings in Resources */,
				65CE89E51617E39B009569A2 /* FMAboutPanel.strings in Resources */,
			);
			runOnlyForDeploymentPostprocessing = 0;
		};
/* End PBXResourcesBuildPhase section */

/* Begin PBXSourcesBuildPhase section */
		14B281B315BEF1040030CAC5 /* Sources */ = {
			isa = PBXSourcesBuildPhase;
			buildActionMask = 2147483647;
			files = (
				14B281C815BEF1040030CAC5 /* main.m in Sources */,
				14B281CC15BEF1040030CAC5 /* AppDelegate.m in Sources */,
				14B281D515BEF1040030CAC5 /* ViewController.m in Sources */,
				14B2823915BEF11D0030CAC5 /* FMAboutPanel.m in Sources */,
				14B2826115BEF11D0030CAC5 /* ioapi.c in Sources */,
				14B2826215BEF11D0030CAC5 /* mztools.c in Sources */,
				14B2826315BEF11D0030CAC5 /* unzip.c in Sources */,
				14B2826415BEF11D0030CAC5 /* zip.c in Sources */,
				14B2826515BEF11D0030CAC5 /* FileInZipInfo.m in Sources */,
				14B2826615BEF11D0030CAC5 /* ZipException.m in Sources */,
				14B2826715BEF11D0030CAC5 /* ZipFile.m in Sources */,
				14B2826815BEF11D0030CAC5 /* ZipReadStream.m in Sources */,
				14B2826915BEF11D0030CAC5 /* ZipWriteStream.m in Sources */,
				14B2826A15BEF11D0030CAC5 /* adler32.c in Sources */,
				14B2826B15BEF11D0030CAC5 /* compress.c in Sources */,
				14B2826C15BEF11D0030CAC5 /* crc32.c in Sources */,
				14B2826D15BEF11D0030CAC5 /* deflate.c in Sources */,
				14B2826E15BEF11D0030CAC5 /* gzclose.c in Sources */,
				14B2826F15BEF11D0030CAC5 /* gzlib.c in Sources */,
				14B2827015BEF11D0030CAC5 /* gzread.c in Sources */,
				14B2827115BEF11D0030CAC5 /* gzwrite.c in Sources */,
				14B2827215BEF11D0030CAC5 /* infback.c in Sources */,
				14B2827315BEF11D0030CAC5 /* inffast.c in Sources */,
				14B2827415BEF11D0030CAC5 /* inflate.c in Sources */,
				14B2827515BEF11D0030CAC5 /* inftrees.c in Sources */,
				14B2827615BEF11D0030CAC5 /* trees.c in Sources */,
				14B2827715BEF11D0030CAC5 /* uncompr.c in Sources */,
				14B2827815BEF11D0030CAC5 /* zutil.c in Sources */,
				653B1EDE15E9AD0A006A091F /* ChimpKit.m in Sources */,
			);
			runOnlyForDeploymentPostprocessing = 0;
		};
/* End PBXSourcesBuildPhase section */

/* Begin PBXVariantGroup section */
		14B281C415BEF1040030CAC5 /* InfoPlist.strings */ = {
			isa = PBXVariantGroup;
			children = (
				14B281C515BEF1040030CAC5 /* en */,
			);
			name = InfoPlist.strings;
			sourceTree = "<group>";
		};
		14B281CD15BEF1040030CAC5 /* MainStoryboard_iPhone.storyboard */ = {
			isa = PBXVariantGroup;
			children = (
				14B281CE15BEF1040030CAC5 /* en */,
			);
			name = MainStoryboard_iPhone.storyboard;
			sourceTree = "<group>";
		};
		14B281D015BEF1040030CAC5 /* MainStoryboard_iPad.storyboard */ = {
			isa = PBXVariantGroup;
			children = (
				14B281D115BEF1040030CAC5 /* en */,
			);
			name = MainStoryboard_iPad.storyboard;
			sourceTree = "<group>";
		};
		65CE89D31617E39A009569A2 /* FMAboutPanel.strings */ = {
			isa = PBXVariantGroup;
			children = (
				65CE89D41617E39A009569A2 /* de */,
			);
			name = FMAboutPanel.strings;
			sourceTree = "<group>";
		};
		65CE89D61617E39A009569A2 /* FMAboutPanel.strings */ = {
			isa = PBXVariantGroup;
			children = (
				65CE89D71617E39A009569A2 /* en */,
			);
			name = FMAboutPanel.strings;
			sourceTree = "<group>";
		};
		65CE89D91617E39A009569A2 /* FMAboutPanel.strings */ = {
			isa = PBXVariantGroup;
			children = (
				65CE89DA1617E39A009569A2 /* es */,
			);
			name = FMAboutPanel.strings;
			sourceTree = "<group>";
		};
		65CE89DC1617E39A009569A2 /* FMAboutPanel.strings */ = {
			isa = PBXVariantGroup;
			children = (
				65CE89DD1617E39A009569A2 /* fr */,
			);
			name = FMAboutPanel.strings;
			sourceTree = "<group>";
		};
		65CE89DF1617E39A009569A2 /* FMAboutPanel.strings */ = {
			isa = PBXVariantGroup;
			children = (
				65CE89E01617E39A009569A2 /* it */,
			);
			name = FMAboutPanel.strings;
			sourceTree = "<group>";
		};
/* End PBXVariantGroup section */

/* Begin XCBuildConfiguration section */
		14B281D615BEF1040030CAC5 /* Debug */ = {
			isa = XCBuildConfiguration;
			buildSettings = {
				ALWAYS_SEARCH_USER_PATHS = NO;
				ARCHS = "$(ARCHS_STANDARD_32_BIT)";
				CLANG_ENABLE_OBJC_ARC = YES;
				"CODE_SIGN_IDENTITY[sdk=iphoneos*]" = "iPhone Developer";
				COPY_PHASE_STRIP = NO;
				GCC_C_LANGUAGE_STANDARD = gnu99;
				GCC_DYNAMIC_NO_PIC = NO;
				GCC_OPTIMIZATION_LEVEL = 0;
				GCC_PREPROCESSOR_DEFINITIONS = (
					"DEBUG=1",
					"$(inherited)",
				);
				GCC_SYMBOLS_PRIVATE_EXTERN = NO;
				GCC_VERSION = com.apple.compilers.llvm.clang.1_0;
				GCC_WARN_ABOUT_RETURN_TYPE = YES;
				GCC_WARN_UNINITIALIZED_AUTOS = YES;
				GCC_WARN_UNUSED_VARIABLE = YES;
				IPHONEOS_DEPLOYMENT_TARGET = 5.1;
				SDKROOT = iphoneos;
				TARGETED_DEVICE_FAMILY = "1,2";
			};
			name = Debug;
		};
		14B281D715BEF1040030CAC5 /* Release */ = {
			isa = XCBuildConfiguration;
			buildSettings = {
				ALWAYS_SEARCH_USER_PATHS = NO;
				ARCHS = "$(ARCHS_STANDARD_32_BIT)";
				CLANG_ENABLE_OBJC_ARC = YES;
				"CODE_SIGN_IDENTITY[sdk=iphoneos*]" = "iPhone Developer";
				COPY_PHASE_STRIP = YES;
				GCC_C_LANGUAGE_STANDARD = gnu99;
				GCC_VERSION = com.apple.compilers.llvm.clang.1_0;
				GCC_WARN_ABOUT_RETURN_TYPE = YES;
				GCC_WARN_UNINITIALIZED_AUTOS = YES;
				GCC_WARN_UNUSED_VARIABLE = YES;
				IPHONEOS_DEPLOYMENT_TARGET = 5.1;
				OTHER_CFLAGS = "-DNS_BLOCK_ASSERTIONS=1";
				SDKROOT = iphoneos;
				TARGETED_DEVICE_FAMILY = "1,2";
				VALIDATE_PRODUCT = YES;
			};
			name = Release;
		};
		14B281D915BEF1040030CAC5 /* Debug */ = {
			isa = XCBuildConfiguration;
			buildSettings = {
				GCC_PRECOMPILE_PREFIX_HEADER = YES;
				GCC_PREFIX_HEADER = "Demo/Demo-Prefix.pch";
				INFOPLIST_FILE = "Demo/Demo-Info.plist";
				PRODUCT_NAME = "$(TARGET_NAME)";
				WRAPPER_EXTENSION = app;
			};
			name = Debug;
		};
		14B281DA15BEF1040030CAC5 /* Release */ = {
			isa = XCBuildConfiguration;
			buildSettings = {
				GCC_PRECOMPILE_PREFIX_HEADER = YES;
				GCC_PREFIX_HEADER = "Demo/Demo-Prefix.pch";
				INFOPLIST_FILE = "Demo/Demo-Info.plist";
				PRODUCT_NAME = "$(TARGET_NAME)";
				WRAPPER_EXTENSION = app;
			};
			name = Release;
		};
/* End XCBuildConfiguration section */

/* Begin XCConfigurationList section */
		14B281B115BEF1040030CAC5 /* Build configuration list for PBXProject "Demo" */ = {
			isa = XCConfigurationList;
			buildConfigurations = (
				14B281D615BEF1040030CAC5 /* Debug */,
				14B281D715BEF1040030CAC5 /* Release */,
			);
			defaultConfigurationIsVisible = 0;
			defaultConfigurationName = Release;
		};
		14B281D815BEF1040030CAC5 /* Build configuration list for PBXNativeTarget "Demo" */ = {
			isa = XCConfigurationList;
			buildConfigurations = (
				14B281D915BEF1040030CAC5 /* Debug */,
				14B281DA15BEF1040030CAC5 /* Release */,
			);
			defaultConfigurationIsVisible = 0;
			defaultConfigurationName = Release;
		};
/* End XCConfigurationList section */
	};
	rootObject = 14B281AE15BEF1040030CAC5 /* Project object */;
}
