// !$*UTF8*$!
{
	archiveVersion = 1;
	classes = {
	};
	objectVersion = 46;
	objects = {

/* Begin PBXBuildFile section */
		141454C716627071003B21E0 /* applications.zip in Resources */ = {isa = PBXBuildFile; fileRef = 141454C616627071003B21E0 /* applications.zip */; };
		147A5E1316A96B7300278F8D /* FMAboutPanel.m in Sources */ = {isa = PBXBuildFile; fileRef = 147A5DAC16A96B7200278F8D /* FMAboutPanel.m */; };
		14B281BC15BEF1040030CAC5 /* UIKit.framework in Frameworks */ = {isa = PBXBuildFile; fileRef = 14B281BB15BEF1040030CAC5 /* UIKit.framework */; };
		14B281BE15BEF1040030CAC5 /* Foundation.framework in Frameworks */ = {isa = PBXBuildFile; fileRef = 14B281BD15BEF1040030CAC5 /* Foundation.framework */; };
		14B281C015BEF1040030CAC5 /* CoreGraphics.framework in Frameworks */ = {isa = PBXBuildFile; fileRef = 14B281BF15BEF1040030CAC5 /* CoreGraphics.framework */; };
		14B281C615BEF1040030CAC5 /* InfoPlist.strings in Resources */ = {isa = PBXBuildFile; fileRef = 14B281C415BEF1040030CAC5 /* InfoPlist.strings */; };
		14B281C815BEF1040030CAC5 /* main.m in Sources */ = {isa = PBXBuildFile; fileRef = 14B281C715BEF1040030CAC5 /* main.m */; };
		14B281CC15BEF1040030CAC5 /* AppDelegate.m in Sources */ = {isa = PBXBuildFile; fileRef = 14B281CB15BEF1040030CAC5 /* AppDelegate.m */; };
		14B281CF15BEF1040030CAC5 /* MainStoryboard_iPhone.storyboard in Resources */ = {isa = PBXBuildFile; fileRef = 14B281CD15BEF1040030CAC5 /* MainStoryboard_iPhone.storyboard */; };
		14B281D215BEF1040030CAC5 /* MainStoryboard_iPad.storyboard in Resources */ = {isa = PBXBuildFile; fileRef = 14B281D015BEF1040030CAC5 /* MainStoryboard_iPad.storyboard */; };
		14B281D515BEF1040030CAC5 /* ViewController.m in Sources */ = {isa = PBXBuildFile; fileRef = 14B281D415BEF1040030CAC5 /* ViewController.m */; };
		14CD825B16CABE3E00774D74 /* FMAboutPanel.bundle in Resources */ = {isa = PBXBuildFile; fileRef = 147A5DAA16A96B7200278F8D /* FMAboutPanel.bundle */; };
		14FD2A2C15BF1D0100FEE5C4 /* Default-Landscape.png in Resources */ = {isa = PBXBuildFile; fileRef = 14FD2A2415BF1D0100FEE5C4 /* Default-Landscape.png */; };
		14FD2A2D15BF1D0100FEE5C4 /* Default-Portrait.png in Resources */ = {isa = PBXBuildFile; fileRef = 14FD2A2515BF1D0100FEE5C4 /* Default-Portrait.png */; };
		14FD2A2E15BF1D0100FEE5C4 /* Default.png in Resources */ = {isa = PBXBuildFile; fileRef = 14FD2A2615BF1D0100FEE5C4 /* Default.png */; };
		14FD2A2F15BF1D0100FEE5C4 /* Default@2x.png in Resources */ = {isa = PBXBuildFile; fileRef = 14FD2A2715BF1D0100FEE5C4 /* Default@2x.png */; };
		14FD2A3015BF1D0100FEE5C4 /* Icon-72.png in Resources */ = {isa = PBXBuildFile; fileRef = 14FD2A2815BF1D0100FEE5C4 /* Icon-72.png */; };
		14FD2A3115BF1D0100FEE5C4 /* Icon-72@2x.png in Resources */ = {isa = PBXBuildFile; fileRef = 14FD2A2915BF1D0100FEE5C4 /* Icon-72@2x.png */; };
		14FD2A3215BF1D0100FEE5C4 /* Icon.png in Resources */ = {isa = PBXBuildFile; fileRef = 14FD2A2A15BF1D0100FEE5C4 /* Icon.png */; };
		14FD2A3315BF1D0100FEE5C4 /* Icon@2x.png in Resources */ = {isa = PBXBuildFile; fileRef = 14FD2A2B15BF1D0100FEE5C4 /* Icon@2x.png */; };
		653BA8F7167024EE006C8083 /* Default-568h@2x.png in Resources */ = {isa = PBXBuildFile; fileRef = 653BA8F6167024EE006C8083 /* Default-568h@2x.png */; };
		6582585216701147009476E7 /* MessageUI.framework in Frameworks */ = {isa = PBXBuildFile; fileRef = 6582585116701147009476E7 /* MessageUI.framework */; };
		65F2D3B516CEAB2C00BEE16C /* ioapi.c in Sources */ = {isa = PBXBuildFile; fileRef = 65F2D38716CEAB2C00BEE16C /* ioapi.c */; };
		65F2D3B616CEAB2C00BEE16C /* mztools.c in Sources */ = {isa = PBXBuildFile; fileRef = 65F2D38916CEAB2C00BEE16C /* mztools.c */; };
		65F2D3B716CEAB2C00BEE16C /* unzip.c in Sources */ = {isa = PBXBuildFile; fileRef = 65F2D38B16CEAB2C00BEE16C /* unzip.c */; };
		65F2D3B816CEAB2C00BEE16C /* zip.c in Sources */ = {isa = PBXBuildFile; fileRef = 65F2D38D16CEAB2C00BEE16C /* zip.c */; };
		65F2D3B916CEAB2C00BEE16C /* FileInZipInfo.m in Sources */ = {isa = PBXBuildFile; fileRef = 65F2D39116CEAB2C00BEE16C /* FileInZipInfo.m */; };
		65F2D3BA16CEAB2C00BEE16C /* ZipException.m in Sources */ = {isa = PBXBuildFile; fileRef = 65F2D39316CEAB2C00BEE16C /* ZipException.m */; };
		65F2D3BB16CEAB2C00BEE16C /* ZipFile.m in Sources */ = {isa = PBXBuildFile; fileRef = 65F2D39516CEAB2C00BEE16C /* ZipFile.m */; };
		65F2D3BC16CEAB2C00BEE16C /* ZipReadStream.m in Sources */ = {isa = PBXBuildFile; fileRef = 65F2D39716CEAB2C00BEE16C /* ZipReadStream.m */; };
		65F2D3BD16CEAB2C00BEE16C /* ZipWriteStream.m in Sources */ = {isa = PBXBuildFile; fileRef = 65F2D39916CEAB2C00BEE16C /* ZipWriteStream.m */; };
		65F2D3BE16CEAB2C00BEE16C /* adler32.c in Sources */ = {isa = PBXBuildFile; fileRef = 65F2D39B16CEAB2C00BEE16C /* adler32.c */; };
		65F2D3BF16CEAB2C00BEE16C /* compress.c in Sources */ = {isa = PBXBuildFile; fileRef = 65F2D39C16CEAB2C00BEE16C /* compress.c */; };
		65F2D3C016CEAB2C00BEE16C /* crc32.c in Sources */ = {isa = PBXBuildFile; fileRef = 65F2D39D16CEAB2C00BEE16C /* crc32.c */; };
		65F2D3C116CEAB2C00BEE16C /* deflate.c in Sources */ = {isa = PBXBuildFile; fileRef = 65F2D39F16CEAB2C00BEE16C /* deflate.c */; };
		65F2D3C216CEAB2C00BEE16C /* gzclose.c in Sources */ = {isa = PBXBuildFile; fileRef = 65F2D3A116CEAB2C00BEE16C /* gzclose.c */; };
		65F2D3C316CEAB2C00BEE16C /* gzlib.c in Sources */ = {isa = PBXBuildFile; fileRef = 65F2D3A316CEAB2C00BEE16C /* gzlib.c */; };
		65F2D3C416CEAB2C00BEE16C /* gzread.c in Sources */ = {isa = PBXBuildFile; fileRef = 65F2D3A416CEAB2C00BEE16C /* gzread.c */; };
		65F2D3C516CEAB2C00BEE16C /* gzwrite.c in Sources */ = {isa = PBXBuildFile; fileRef = 65F2D3A516CEAB2C00BEE16C /* gzwrite.c */; };
		65F2D3C616CEAB2C00BEE16C /* infback.c in Sources */ = {isa = PBXBuildFile; fileRef = 65F2D3A616CEAB2C00BEE16C /* infback.c */; };
		65F2D3C716CEAB2C00BEE16C /* inffast.c in Sources */ = {isa = PBXBuildFile; fileRef = 65F2D3A716CEAB2C00BEE16C /* inffast.c */; };
		65F2D3C816CEAB2C00BEE16C /* inflate.c in Sources */ = {isa = PBXBuildFile; fileRef = 65F2D3AA16CEAB2C00BEE16C /* inflate.c */; };
		65F2D3C916CEAB2C00BEE16C /* inftrees.c in Sources */ = {isa = PBXBuildFile; fileRef = 65F2D3AC16CEAB2C00BEE16C /* inftrees.c */; };
		65F2D3CA16CEAB2C00BEE16C /* trees.c in Sources */ = {isa = PBXBuildFile; fileRef = 65F2D3AE16CEAB2C00BEE16C /* trees.c */; };
		65F2D3CB16CEAB2C00BEE16C /* uncompr.c in Sources */ = {isa = PBXBuildFile; fileRef = 65F2D3B016CEAB2C00BEE16C /* uncompr.c */; };
		65F2D3CC16CEAB2C00BEE16C /* zutil.c in Sources */ = {isa = PBXBuildFile; fileRef = 65F2D3B316CEAB2C00BEE16C /* zutil.c */; };
		65F2D3D016CEAB5300BEE16C /* ChimpKit.m in Sources */ = {isa = PBXBuildFile; fileRef = 65F2D3CF16CEAB5300BEE16C /* ChimpKit.m */; };
/* End PBXBuildFile section */

/* Begin PBXFileReference section */
		141454C616627071003B21E0 /* applications.zip */ = {isa = PBXFileReference; lastKnownFileType = archive.zip; path = applications.zip; sourceTree = "<group>"; };
		147A5DAA16A96B7200278F8D /* FMAboutPanel.bundle */ = {isa = PBXFileReference; lastKnownFileType = "wrapper.plug-in"; path = FMAboutPanel.bundle; sourceTree = "<group>"; };
		147A5DAB16A96B7200278F8D /* FMAboutPanel.h */ = {isa = PBXFileReference; fileEncoding = 4; lastKnownFileType = sourcecode.c.h; path = FMAboutPanel.h; sourceTree = "<group>"; };
		147A5DAC16A96B7200278F8D /* FMAboutPanel.m */ = {isa = PBXFileReference; fileEncoding = 4; lastKnownFileType = sourcecode.c.objc; path = FMAboutPanel.m; sourceTree = "<group>"; };
		14B281B715BEF1040030CAC5 /* Demo.app */ = {isa = PBXFileReference; explicitFileType = wrapper.application; includeInIndex = 0; path = Demo.app; sourceTree = BUILT_PRODUCTS_DIR; };
		14B281BB15BEF1040030CAC5 /* UIKit.framework */ = {isa = PBXFileReference; lastKnownFileType = wrapper.framework; name = UIKit.framework; path = System/Library/Frameworks/UIKit.framework; sourceTree = SDKROOT; };
		14B281BD15BEF1040030CAC5 /* Foundation.framework */ = {isa = PBXFileReference; lastKnownFileType = wrapper.framework; name = Foundation.framework; path = System/Library/Frameworks/Foundation.framework; sourceTree = SDKROOT; };
		14B281BF15BEF1040030CAC5 /* CoreGraphics.framework */ = {isa = PBXFileReference; lastKnownFileType = wrapper.framework; name = CoreGraphics.framework; path = System/Library/Frameworks/CoreGraphics.framework; sourceTree = SDKROOT; };
		14B281C315BEF1040030CAC5 /* Demo-Info.plist */ = {isa = PBXFileReference; lastKnownFileType = text.plist.xml; path = "Demo-Info.plist"; sourceTree = "<group>"; };
		14B281C515BEF1040030CAC5 /* en */ = {isa = PBXFileReference; lastKnownFileType = text.plist.strings; name = en; path = en.lproj/InfoPlist.strings; sourceTree = "<group>"; };
		14B281C715BEF1040030CAC5 /* main.m */ = {isa = PBXFileReference; lastKnownFileType = sourcecode.c.objc; path = main.m; sourceTree = "<group>"; };
		14B281C915BEF1040030CAC5 /* Demo-Prefix.pch */ = {isa = PBXFileReference; lastKnownFileType = sourcecode.c.h; path = "Demo-Prefix.pch"; sourceTree = "<group>"; };
		14B281CA15BEF1040030CAC5 /* AppDelegate.h */ = {isa = PBXFileReference; lastKnownFileType = sourcecode.c.h; path = AppDelegate.h; sourceTree = "<group>"; };
		14B281CB15BEF1040030CAC5 /* AppDelegate.m */ = {isa = PBXFileReference; lastKnownFileType = sourcecode.c.objc; path = AppDelegate.m; sourceTree = "<group>"; };
		14B281CE15BEF1040030CAC5 /* en */ = {isa = PBXFileReference; lastKnownFileType = file.storyboard; name = en; path = en.lproj/MainStoryboard_iPhone.storyboard; sourceTree = "<group>"; };
		14B281D115BEF1040030CAC5 /* en */ = {isa = PBXFileReference; lastKnownFileType = file.storyboard; name = en; path = en.lproj/MainStoryboard_iPad.storyboard; sourceTree = "<group>"; };
		14B281D315BEF1040030CAC5 /* ViewController.h */ = {isa = PBXFileReference; lastKnownFileType = sourcecode.c.h; path = ViewController.h; sourceTree = "<group>"; };
		14B281D415BEF1040030CAC5 /* ViewController.m */ = {isa = PBXFileReference; lastKnownFileType = sourcecode.c.objc; path = ViewController.m; sourceTree = "<group>"; };
		14FD2A2415BF1D0100FEE5C4 /* Default-Landscape.png */ = {isa = PBXFileReference; lastKnownFileType = image.png; path = "Default-Landscape.png"; sourceTree = "<group>"; };
		14FD2A2515BF1D0100FEE5C4 /* Default-Portrait.png */ = {isa = PBXFileReference; lastKnownFileType = image.png; path = "Default-Portrait.png"; sourceTree = "<group>"; };
		14FD2A2615BF1D0100FEE5C4 /* Default.png */ = {isa = PBXFileReference; lastKnownFileType = image.png; path = Default.png; sourceTree = "<group>"; };
		14FD2A2715BF1D0100FEE5C4 /* Default@2x.png */ = {isa = PBXFileReference; lastKnownFileType = image.png; path = "Default@2x.png"; sourceTree = "<group>"; };
		14FD2A2815BF1D0100FEE5C4 /* Icon-72.png */ = {isa = PBXFileReference; lastKnownFileType = image.png; path = "Icon-72.png"; sourceTree = "<group>"; };
		14FD2A2915BF1D0100FEE5C4 /* Icon-72@2x.png */ = {isa = PBXFileReference; lastKnownFileType = image.png; path = "Icon-72@2x.png"; sourceTree = "<group>"; };
		14FD2A2A15BF1D0100FEE5C4 /* Icon.png */ = {isa = PBXFileReference; lastKnownFileType = image.png; path = Icon.png; sourceTree = "<group>"; };
		14FD2A2B15BF1D0100FEE5C4 /* Icon@2x.png */ = {isa = PBXFileReference; lastKnownFileType = image.png; path = "Icon@2x.png"; sourceTree = "<group>"; };
		653BA8F6167024EE006C8083 /* Default-568h@2x.png */ = {isa = PBXFileReference; lastKnownFileType = image.png; path = "Default-568h@2x.png"; sourceTree = "<group>"; };
		6582585116701147009476E7 /* MessageUI.framework */ = {isa = PBXFileReference; lastKnownFileType = wrapper.framework; name = MessageUI.framework; path = System/Library/Frameworks/MessageUI.framework; sourceTree = SDKROOT; };
		65F2D38616CEAB2C00BEE16C /* crypt.h */ = {isa = PBXFileReference; fileEncoding = 4; lastKnownFileType = sourcecode.c.h; path = crypt.h; sourceTree = "<group>"; };
		65F2D38716CEAB2C00BEE16C /* ioapi.c */ = {isa = PBXFileReference; fileEncoding = 4; lastKnownFileType = sourcecode.c.c; path = ioapi.c; sourceTree = "<group>"; };
		65F2D38816CEAB2C00BEE16C /* ioapi.h */ = {isa = PBXFileReference; fileEncoding = 4; lastKnownFileType = sourcecode.c.h; path = ioapi.h; sourceTree = "<group>"; };
		65F2D38916CEAB2C00BEE16C /* mztools.c */ = {isa = PBXFileReference; fileEncoding = 4; lastKnownFileType = sourcecode.c.c; path = mztools.c; sourceTree = "<group>"; };
		65F2D38A16CEAB2C00BEE16C /* mztools.h */ = {isa = PBXFileReference; fileEncoding = 4; lastKnownFileType = sourcecode.c.h; path = mztools.h; sourceTree = "<group>"; };
		65F2D38B16CEAB2C00BEE16C /* unzip.c */ = {isa = PBXFileReference; fileEncoding = 4; lastKnownFileType = sourcecode.c.c; path = unzip.c; sourceTree = "<group>"; };
		65F2D38C16CEAB2C00BEE16C /* unzip.h */ = {isa = PBXFileReference; fileEncoding = 4; lastKnownFileType = sourcecode.c.h; path = unzip.h; sourceTree = "<group>"; };
		65F2D38D16CEAB2C00BEE16C /* zip.c */ = {isa = PBXFileReference; fileEncoding = 4; lastKnownFileType = sourcecode.c.c; path = zip.c; sourceTree = "<group>"; };
		65F2D38E16CEAB2C00BEE16C /* zip.h */ = {isa = PBXFileReference; fileEncoding = 4; lastKnownFileType = sourcecode.c.h; path = zip.h; sourceTree = "<group>"; };
		65F2D39016CEAB2C00BEE16C /* FileInZipInfo.h */ = {isa = PBXFileReference; fileEncoding = 4; lastKnownFileType = sourcecode.c.h; path = FileInZipInfo.h; sourceTree = "<group>"; };
		65F2D39116CEAB2C00BEE16C /* FileInZipInfo.m */ = {isa = PBXFileReference; fileEncoding = 4; lastKnownFileType = sourcecode.c.objc; path = FileInZipInfo.m; sourceTree = "<group>"; };
		65F2D39216CEAB2C00BEE16C /* ZipException.h */ = {isa = PBXFileReference; fileEncoding = 4; lastKnownFileType = sourcecode.c.h; path = ZipException.h; sourceTree = "<group>"; };
		65F2D39316CEAB2C00BEE16C /* ZipException.m */ = {isa = PBXFileReference; fileEncoding = 4; lastKnownFileType = sourcecode.c.objc; path = ZipException.m; sourceTree = "<group>"; };
		65F2D39416CEAB2C00BEE16C /* ZipFile.h */ = {isa = PBXFileReference; fileEncoding = 4; lastKnownFileType = sourcecode.c.h; path = ZipFile.h; sourceTree = "<group>"; };
		65F2D39516CEAB2C00BEE16C /* ZipFile.m */ = {isa = PBXFileReference; fileEncoding = 4; lastKnownFileType = sourcecode.c.objc; path = ZipFile.m; sourceTree = "<group>"; };
		65F2D39616CEAB2C00BEE16C /* ZipReadStream.h */ = {isa = PBXFileReference; fileEncoding = 4; lastKnownFileType = sourcecode.c.h; path = ZipReadStream.h; sourceTree = "<group>"; };
		65F2D39716CEAB2C00BEE16C /* ZipReadStream.m */ = {isa = PBXFileReference; fileEncoding = 4; lastKnownFileType = sourcecode.c.objc; path = ZipReadStream.m; sourceTree = "<group>"; };
		65F2D39816CEAB2C00BEE16C /* ZipWriteStream.h */ = {isa = PBXFileReference; fileEncoding = 4; lastKnownFileType = sourcecode.c.h; path = ZipWriteStream.h; sourceTree = "<group>"; };
		65F2D39916CEAB2C00BEE16C /* ZipWriteStream.m */ = {isa = PBXFileReference; fileEncoding = 4; lastKnownFileType = sourcecode.c.objc; path = ZipWriteStream.m; sourceTree = "<group>"; };
		65F2D39B16CEAB2C00BEE16C /* adler32.c */ = {isa = PBXFileReference; fileEncoding = 4; lastKnownFileType = sourcecode.c.c; path = adler32.c; sourceTree = "<group>"; };
		65F2D39C16CEAB2C00BEE16C /* compress.c */ = {isa = PBXFileReference; fileEncoding = 4; lastKnownFileType = sourcecode.c.c; path = compress.c; sourceTree = "<group>"; };
		65F2D39D16CEAB2C00BEE16C /* crc32.c */ = {isa = PBXFileReference; fileEncoding = 4; lastKnownFileType = sourcecode.c.c; path = crc32.c; sourceTree = "<group>"; };
		65F2D39E16CEAB2C00BEE16C /* crc32.h */ = {isa = PBXFileReference; fileEncoding = 4; lastKnownFileType = sourcecode.c.h; path = crc32.h; sourceTree = "<group>"; };
		65F2D39F16CEAB2C00BEE16C /* deflate.c */ = {isa = PBXFileReference; fileEncoding = 4; lastKnownFileType = sourcecode.c.c; path = deflate.c; sourceTree = "<group>"; };
		65F2D3A016CEAB2C00BEE16C /* deflate.h */ = {isa = PBXFileReference; fileEncoding = 4; lastKnownFileType = sourcecode.c.h; path = deflate.h; sourceTree = "<group>"; };
		65F2D3A116CEAB2C00BEE16C /* gzclose.c */ = {isa = PBXFileReference; fileEncoding = 4; lastKnownFileType = sourcecode.c.c; path = gzclose.c; sourceTree = "<group>"; };
		65F2D3A216CEAB2C00BEE16C /* gzguts.h */ = {isa = PBXFileReference; fileEncoding = 4; lastKnownFileType = sourcecode.c.h; path = gzguts.h; sourceTree = "<group>"; };
		65F2D3A316CEAB2C00BEE16C /* gzlib.c */ = {isa = PBXFileReference; fileEncoding = 4; lastKnownFileType = sourcecode.c.c; path = gzlib.c; sourceTree = "<group>"; };
		65F2D3A416CEAB2C00BEE16C /* gzread.c */ = {isa = PBXFileReference; fileEncoding = 4; lastKnownFileType = sourcecode.c.c; path = gzread.c; sourceTree = "<group>"; };
		65F2D3A516CEAB2C00BEE16C /* gzwrite.c */ = {isa = PBXFileReference; fileEncoding = 4; lastKnownFileType = sourcecode.c.c; path = gzwrite.c; sourceTree = "<group>"; };
		65F2D3A616CEAB2C00BEE16C /* infback.c */ = {isa = PBXFileReference; fileEncoding = 4; lastKnownFileType = sourcecode.c.c; path = infback.c; sourceTree = "<group>"; };
		65F2D3A716CEAB2C00BEE16C /* inffast.c */ = {isa = PBXFileReference; fileEncoding = 4; lastKnownFileType = sourcecode.c.c; path = inffast.c; sourceTree = "<group>"; };
		65F2D3A816CEAB2C00BEE16C /* inffast.h */ = {isa = PBXFileReference; fileEncoding = 4; lastKnownFileType = sourcecode.c.h; path = inffast.h; sourceTree = "<group>"; };
		65F2D3A916CEAB2C00BEE16C /* inffixed.h */ = {isa = PBXFileReference; fileEncoding = 4; lastKnownFileType = sourcecode.c.h; path = inffixed.h; sourceTree = "<group>"; };
		65F2D3AA16CEAB2C00BEE16C /* inflate.c */ = {isa = PBXFileReference; fileEncoding = 4; lastKnownFileType = sourcecode.c.c; path = inflate.c; sourceTree = "<group>"; };
		65F2D3AB16CEAB2C00BEE16C /* inflate.h */ = {isa = PBXFileReference; fileEncoding = 4; lastKnownFileType = sourcecode.c.h; path = inflate.h; sourceTree = "<group>"; };
		65F2D3AC16CEAB2C00BEE16C /* inftrees.c */ = {isa = PBXFileReference; fileEncoding = 4; lastKnownFileType = sourcecode.c.c; path = inftrees.c; sourceTree = "<group>"; };
		65F2D3AD16CEAB2C00BEE16C /* inftrees.h */ = {isa = PBXFileReference; fileEncoding = 4; lastKnownFileType = sourcecode.c.h; path = inftrees.h; sourceTree = "<group>"; };
		65F2D3AE16CEAB2C00BEE16C /* trees.c */ = {isa = PBXFileReference; fileEncoding = 4; lastKnownFileType = sourcecode.c.c; path = trees.c; sourceTree = "<group>"; };
		65F2D3AF16CEAB2C00BEE16C /* trees.h */ = {isa = PBXFileReference; fileEncoding = 4; lastKnownFileType = sourcecode.c.h; path = trees.h; sourceTree = "<group>"; };
		65F2D3B016CEAB2C00BEE16C /* uncompr.c */ = {isa = PBXFileReference; fileEncoding = 4; lastKnownFileType = sourcecode.c.c; path = uncompr.c; sourceTree = "<group>"; };
		65F2D3B116CEAB2C00BEE16C /* zconf.h */ = {isa = PBXFileReference; fileEncoding = 4; lastKnownFileType = sourcecode.c.h; path = zconf.h; sourceTree = "<group>"; };
		65F2D3B216CEAB2C00BEE16C /* zlib.h */ = {isa = PBXFileReference; fileEncoding = 4; lastKnownFileType = sourcecode.c.h; path = zlib.h; sourceTree = "<group>"; };
		65F2D3B316CEAB2C00BEE16C /* zutil.c */ = {isa = PBXFileReference; fileEncoding = 4; lastKnownFileType = sourcecode.c.c; path = zutil.c; sourceTree = "<group>"; };
		65F2D3B416CEAB2C00BEE16C /* zutil.h */ = {isa = PBXFileReference; fileEncoding = 4; lastKnownFileType = sourcecode.c.h; path = zutil.h; sourceTree = "<group>"; };
		65F2D3CE16CEAB5300BEE16C /* ChimpKit.h */ = {isa = PBXFileReference; fileEncoding = 4; lastKnownFileType = sourcecode.c.h; path = ChimpKit.h; sourceTree = "<group>"; };
		65F2D3CF16CEAB5300BEE16C /* ChimpKit.m */ = {isa = PBXFileReference; fileEncoding = 4; lastKnownFileType = sourcecode.c.objc; path = ChimpKit.m; sourceTree = "<group>"; };
/* End PBXFileReference section */

/* Begin PBXFrameworksBuildPhase section */
		14B281B415BEF1040030CAC5 /* Frameworks */ = {
			isa = PBXFrameworksBuildPhase;
			buildActionMask = 2147483647;
			files = (
				6582585216701147009476E7 /* MessageUI.framework in Frameworks */,
				14B281BC15BEF1040030CAC5 /* UIKit.framework in Frameworks */,
				14B281BE15BEF1040030CAC5 /* Foundation.framework in Frameworks */,
				14B281C015BEF1040030CAC5 /* CoreGraphics.framework in Frameworks */,
			);
			runOnlyForDeploymentPostprocessing = 0;
		};
/* End PBXFrameworksBuildPhase section */

/* Begin PBXGroup section */
		147A5DA916A96B7200278F8D /* FMAboutPanel */ = {
			isa = PBXGroup;
			children = (
				147A5DAA16A96B7200278F8D /* FMAboutPanel.bundle */,
				147A5DAB16A96B7200278F8D /* FMAboutPanel.h */,
				147A5DAC16A96B7200278F8D /* FMAboutPanel.m */,
			);
			name = FMAboutPanel;
			path = ../FMAboutPanel;
			sourceTree = "<group>";
		};
		14B281AC15BEF1040030CAC5 = {
			isa = PBXGroup;
			children = (
				147A5DA916A96B7200278F8D /* FMAboutPanel */,
				14B281C115BEF1040030CAC5 /* Demo */,
				14B281BA15BEF1040030CAC5 /* Frameworks */,
				14B281B815BEF1040030CAC5 /* Products */,
			);
			sourceTree = "<group>";
		};
		14B281B815BEF1040030CAC5 /* Products */ = {
			isa = PBXGroup;
			children = (
				14B281B715BEF1040030CAC5 /* Demo.app */,
			);
			name = Products;
			sourceTree = "<group>";
		};
		14B281BA15BEF1040030CAC5 /* Frameworks */ = {
			isa = PBXGroup;
			children = (
				6582585116701147009476E7 /* MessageUI.framework */,
				14B281BB15BEF1040030CAC5 /* UIKit.framework */,
				14B281BD15BEF1040030CAC5 /* Foundation.framework */,
				14B281BF15BEF1040030CAC5 /* CoreGraphics.framework */,
			);
			name = Frameworks;
			sourceTree = "<group>";
		};
		14B281C115BEF1040030CAC5 /* Demo */ = {
			isa = PBXGroup;
			children = (
				14B281CA15BEF1040030CAC5 /* AppDelegate.h */,
				14B281CB15BEF1040030CAC5 /* AppDelegate.m */,
				14B281D315BEF1040030CAC5 /* ViewController.h */,
				14B281D415BEF1040030CAC5 /* ViewController.m */,
				14B281CD15BEF1040030CAC5 /* MainStoryboard_iPhone.storyboard */,
				14B281D015BEF1040030CAC5 /* MainStoryboard_iPad.storyboard */,
				14FD2A2315BF1D0100FEE5C4 /* Images */,
				14B281C215BEF1040030CAC5 /* Supporting Files */,
				65F2D38416CEAAD900BEE16C /* ThirdParty */,
			);
			path = Demo;
			sourceTree = "<group>";
		};
		14B281C215BEF1040030CAC5 /* Supporting Files */ = {
			isa = PBXGroup;
			children = (
				141454C616627071003B21E0 /* applications.zip */,
				14B281C315BEF1040030CAC5 /* Demo-Info.plist */,
				14B281C415BEF1040030CAC5 /* InfoPlist.strings */,
				14B281C715BEF1040030CAC5 /* main.m */,
				14B281C915BEF1040030CAC5 /* Demo-Prefix.pch */,
			);
			name = "Supporting Files";
			sourceTree = "<group>";
		};
		14FD2A2315BF1D0100FEE5C4 /* Images */ = {
			isa = PBXGroup;
			children = (
				14FD2A2415BF1D0100FEE5C4 /* Default-Landscape.png */,
				14FD2A2515BF1D0100FEE5C4 /* Default-Portrait.png */,
				14FD2A2615BF1D0100FEE5C4 /* Default.png */,
				14FD2A2715BF1D0100FEE5C4 /* Default@2x.png */,
				653BA8F6167024EE006C8083 /* Default-568h@2x.png */,
				14FD2A2815BF1D0100FEE5C4 /* Icon-72.png */,
				14FD2A2915BF1D0100FEE5C4 /* Icon-72@2x.png */,
				14FD2A2A15BF1D0100FEE5C4 /* Icon.png */,
				14FD2A2B15BF1D0100FEE5C4 /* Icon@2x.png */,
			);
			path = Images;
			sourceTree = "<group>";
		};
		65F2D38416CEAAD900BEE16C /* ThirdParty */ = {
			isa = PBXGroup;
			children = (
				65F2D3CD16CEAB5300BEE16C /* ChimpKit */,
				65F2D38516CEAB2C00BEE16C /* MiniZip */,
				65F2D38F16CEAB2C00BEE16C /* Objective-Zip */,
				65F2D39A16CEAB2C00BEE16C /* ZLib */,
			);
			name = ThirdParty;
			sourceTree = "<group>";
		};
		65F2D38516CEAB2C00BEE16C /* MiniZip */ = {
			isa = PBXGroup;
			children = (
				65F2D38616CEAB2C00BEE16C /* crypt.h */,
				65F2D38716CEAB2C00BEE16C /* ioapi.c */,
				65F2D38816CEAB2C00BEE16C /* ioapi.h */,
				65F2D38916CEAB2C00BEE16C /* mztools.c */,
				65F2D38A16CEAB2C00BEE16C /* mztools.h */,
				65F2D38B16CEAB2C00BEE16C /* unzip.c */,
				65F2D38C16CEAB2C00BEE16C /* unzip.h */,
				65F2D38D16CEAB2C00BEE16C /* zip.c */,
				65F2D38E16CEAB2C00BEE16C /* zip.h */,
			);
			path = MiniZip;
			sourceTree = "<group>";
		};
		65F2D38F16CEAB2C00BEE16C /* Objective-Zip */ = {
			isa = PBXGroup;
			children = (
				65F2D39016CEAB2C00BEE16C /* FileInZipInfo.h */,
				65F2D39116CEAB2C00BEE16C /* FileInZipInfo.m */,
				65F2D39216CEAB2C00BEE16C /* ZipException.h */,
				65F2D39316CEAB2C00BEE16C /* ZipException.m */,
				65F2D39416CEAB2C00BEE16C /* ZipFile.h */,
				65F2D39516CEAB2C00BEE16C /* ZipFile.m */,
				65F2D39616CEAB2C00BEE16C /* ZipReadStream.h */,
				65F2D39716CEAB2C00BEE16C /* ZipReadStream.m */,
				65F2D39816CEAB2C00BEE16C /* ZipWriteStream.h */,
				65F2D39916CEAB2C00BEE16C /* ZipWriteStream.m */,
			);
			path = "Objective-Zip";
			sourceTree = "<group>";
		};
		65F2D39A16CEAB2C00BEE16C /* ZLib */ = {
			isa = PBXGroup;
			children = (
				65F2D39B16CEAB2C00BEE16C /* adler32.c */,
				65F2D39C16CEAB2C00BEE16C /* compress.c */,
				65F2D39D16CEAB2C00BEE16C /* crc32.c */,
				65F2D39E16CEAB2C00BEE16C /* crc32.h */,
				65F2D39F16CEAB2C00BEE16C /* deflate.c */,
				65F2D3A016CEAB2C00BEE16C /* deflate.h */,
				65F2D3A116CEAB2C00BEE16C /* gzclose.c */,
				65F2D3A216CEAB2C00BEE16C /* gzguts.h */,
				65F2D3A316CEAB2C00BEE16C /* gzlib.c */,
				65F2D3A416CEAB2C00BEE16C /* gzread.c */,
				65F2D3A516CEAB2C00BEE16C /* gzwrite.c */,
				65F2D3A616CEAB2C00BEE16C /* infback.c */,
				65F2D3A716CEAB2C00BEE16C /* inffast.c */,
				65F2D3A816CEAB2C00BEE16C /* inffast.h */,
				65F2D3A916CEAB2C00BEE16C /* inffixed.h */,
				65F2D3AA16CEAB2C00BEE16C /* inflate.c */,
				65F2D3AB16CEAB2C00BEE16C /* inflate.h */,
				65F2D3AC16CEAB2C00BEE16C /* inftrees.c */,
				65F2D3AD16CEAB2C00BEE16C /* inftrees.h */,
				65F2D3AE16CEAB2C00BEE16C /* trees.c */,
				65F2D3AF16CEAB2C00BEE16C /* trees.h */,
				65F2D3B016CEAB2C00BEE16C /* uncompr.c */,
				65F2D3B116CEAB2C00BEE16C /* zconf.h */,
				65F2D3B216CEAB2C00BEE16C /* zlib.h */,
				65F2D3B316CEAB2C00BEE16C /* zutil.c */,
				65F2D3B416CEAB2C00BEE16C /* zutil.h */,
			);
			path = ZLib;
			sourceTree = "<group>";
		};
		65F2D3CD16CEAB5300BEE16C /* ChimpKit */ = {
			isa = PBXGroup;
			children = (
				65F2D3CE16CEAB5300BEE16C /* ChimpKit.h */,
				65F2D3CF16CEAB5300BEE16C /* ChimpKit.m */,
			);
			path = ChimpKit;
			sourceTree = "<group>";
		};
/* End PBXGroup section */

/* Begin PBXNativeTarget section */
		14B281B615BEF1040030CAC5 /* Demo */ = {
			isa = PBXNativeTarget;
			buildConfigurationList = 14B281D815BEF1040030CAC5 /* Build configuration list for PBXNativeTarget "Demo" */;
			buildPhases = (
				14B281B315BEF1040030CAC5 /* Sources */,
				14B281B415BEF1040030CAC5 /* Frameworks */,
				14B281B515BEF1040030CAC5 /* Resources */,
			);
			buildRules = (
			);
			dependencies = (
			);
			name = Demo;
			productName = Demo;
			productReference = 14B281B715BEF1040030CAC5 /* Demo.app */;
			productType = "com.apple.product-type.application";
		};
/* End PBXNativeTarget section */

/* Begin PBXProject section */
		14B281AE15BEF1040030CAC5 /* Project object */ = {
			isa = PBXProject;
			attributes = {
				LastUpgradeCheck = 0460;
				ORGANIZATIONNAME = "Flubber Media Ltd";
			};
			buildConfigurationList = 14B281B115BEF1040030CAC5 /* Build configuration list for PBXProject "Demo" */;
			compatibilityVersion = "Xcode 3.2";
			developmentRegion = English;
			hasScannedForEncodings = 0;
			knownRegions = (
				en,
				de,
				es,
				fr,
				it,
				ja,
				"zh-Hans",
			);
			mainGroup = 14B281AC15BEF1040030CAC5;
			productRefGroup = 14B281B815BEF1040030CAC5 /* Products */;
			projectDirPath = "";
			projectRoot = "";
			targets = (
				14B281B615BEF1040030CAC5 /* Demo */,
			);
		};
/* End PBXProject section */

/* Begin PBXResourcesBuildPhase section */
		14B281B515BEF1040030CAC5 /* Resources */ = {
			isa = PBXResourcesBuildPhase;
			buildActionMask = 2147483647;
			files = (
				14CD825B16CABE3E00774D74 /* FMAboutPanel.bundle in Resources */,
				14B281C615BEF1040030CAC5 /* InfoPlist.strings in Resources */,
				14B281CF15BEF1040030CAC5 /* MainStoryboard_iPhone.storyboard in Resources */,
				14B281D215BEF1040030CAC5 /* MainStoryboard_iPad.storyboard in Resources */,
				14FD2A2C15BF1D0100FEE5C4 /* Default-Landscape.png in Resources */,
				14FD2A2D15BF1D0100FEE5C4 /* Default-Portrait.png in Resources */,
				14FD2A2E15BF1D0100FEE5C4 /* Default.png in Resources */,
				14FD2A2F15BF1D0100FEE5C4 /* Default@2x.png in Resources */,
				14FD2A3015BF1D0100FEE5C4 /* Icon-72.png in Resources */,
				14FD2A3115BF1D0100FEE5C4 /* Icon-72@2x.png in Resources */,
				14FD2A3215BF1D0100FEE5C4 /* Icon.png in Resources */,
				14FD2A3315BF1D0100FEE5C4 /* Icon@2x.png in Resources */,
				141454C716627071003B21E0 /* applications.zip in Resources */,
				653BA8F7167024EE006C8083 /* Default-568h@2x.png in Resources */,
			);
			runOnlyForDeploymentPostprocessing = 0;
		};
/* End PBXResourcesBuildPhase section */

/* Begin PBXSourcesBuildPhase section */
		14B281B315BEF1040030CAC5 /* Sources */ = {
			isa = PBXSourcesBuildPhase;
			buildActionMask = 2147483647;
			files = (
				14B281C815BEF1040030CAC5 /* main.m in Sources */,
				14B281CC15BEF1040030CAC5 /* AppDelegate.m in Sources */,
				14B281D515BEF1040030CAC5 /* ViewController.m in Sources */,
				147A5E1316A96B7300278F8D /* FMAboutPanel.m in Sources */,
				65F2D3B516CEAB2C00BEE16C /* ioapi.c in Sources */,
				65F2D3B616CEAB2C00BEE16C /* mztools.c in Sources */,
				65F2D3B716CEAB2C00BEE16C /* unzip.c in Sources */,
				65F2D3B816CEAB2C00BEE16C /* zip.c in Sources */,
				65F2D3B916CEAB2C00BEE16C /* FileInZipInfo.m in Sources */,
				65F2D3BA16CEAB2C00BEE16C /* ZipException.m in Sources */,
				65F2D3BB16CEAB2C00BEE16C /* ZipFile.m in Sources */,
				65F2D3BC16CEAB2C00BEE16C /* ZipReadStream.m in Sources */,
				65F2D3BD16CEAB2C00BEE16C /* ZipWriteStream.m in Sources */,
				65F2D3BE16CEAB2C00BEE16C /* adler32.c in Sources */,
				65F2D3BF16CEAB2C00BEE16C /* compress.c in Sources */,
				65F2D3C016CEAB2C00BEE16C /* crc32.c in Sources */,
				65F2D3C116CEAB2C00BEE16C /* deflate.c in Sources */,
				65F2D3C216CEAB2C00BEE16C /* gzclose.c in Sources */,
				65F2D3C316CEAB2C00BEE16C /* gzlib.c in Sources */,
				65F2D3C416CEAB2C00BEE16C /* gzread.c in Sources */,
				65F2D3C516CEAB2C00BEE16C /* gzwrite.c in Sources */,
				65F2D3C616CEAB2C00BEE16C /* infback.c in Sources */,
				65F2D3C716CEAB2C00BEE16C /* inffast.c in Sources */,
				65F2D3C816CEAB2C00BEE16C /* inflate.c in Sources */,
				65F2D3C916CEAB2C00BEE16C /* inftrees.c in Sources */,
				65F2D3CA16CEAB2C00BEE16C /* trees.c in Sources */,
				65F2D3CB16CEAB2C00BEE16C /* uncompr.c in Sources */,
				65F2D3CC16CEAB2C00BEE16C /* zutil.c in Sources */,
				65F2D3D016CEAB5300BEE16C /* ChimpKit.m in Sources */,
			);
			runOnlyForDeploymentPostprocessing = 0;
		};
/* End PBXSourcesBuildPhase section */

/* Begin PBXVariantGroup section */
		14B281C415BEF1040030CAC5 /* InfoPlist.strings */ = {
			isa = PBXVariantGroup;
			children = (
				14B281C515BEF1040030CAC5 /* en */,
			);
			name = InfoPlist.strings;
			sourceTree = "<group>";
		};
		14B281CD15BEF1040030CAC5 /* MainStoryboard_iPhone.storyboard */ = {
			isa = PBXVariantGroup;
			children = (
				14B281CE15BEF1040030CAC5 /* en */,
			);
			name = MainStoryboard_iPhone.storyboard;
			sourceTree = "<group>";
		};
		14B281D015BEF1040030CAC5 /* MainStoryboard_iPad.storyboard */ = {
			isa = PBXVariantGroup;
			children = (
				14B281D115BEF1040030CAC5 /* en */,
			);
			name = MainStoryboard_iPad.storyboard;
			sourceTree = "<group>";
		};
/* End PBXVariantGroup section */

/* Begin XCBuildConfiguration section */
		14B281D615BEF1040030CAC5 /* Debug */ = {
			isa = XCBuildConfiguration;
			buildSettings = {
				ALWAYS_SEARCH_USER_PATHS = NO;
				ARCHS = "$(ARCHS_STANDARD_32_BIT)";
				CLANG_ENABLE_OBJC_ARC = YES;
				CLANG_WARN_CONSTANT_CONVERSION = YES;
				CLANG_WARN_ENUM_CONVERSION = YES;
				CLANG_WARN_INT_CONVERSION = YES;
				CLANG_WARN__DUPLICATE_METHOD_MATCH = YES;
				"CODE_SIGN_IDENTITY[sdk=iphoneos*]" = "iPhone Developer";
				COPY_PHASE_STRIP = NO;
				GCC_C_LANGUAGE_STANDARD = gnu99;
				GCC_DYNAMIC_NO_PIC = NO;
				GCC_OPTIMIZATION_LEVEL = 0;
				GCC_PREPROCESSOR_DEFINITIONS = (
					"DEBUG=1",
					"$(inherited)",
				);
				GCC_SYMBOLS_PRIVATE_EXTERN = NO;
				GCC_VERSION = com.apple.compilers.llvm.clang.1_0;
				GCC_WARN_ABOUT_RETURN_TYPE = YES;
				GCC_WARN_UNINITIALIZED_AUTOS = YES;
				GCC_WARN_UNUSED_VARIABLE = YES;
				IPHONEOS_DEPLOYMENT_TARGET = 5.1;
				SDKROOT = iphoneos;
				TARGETED_DEVICE_FAMILY = "1,2";
			};
			name = Debug;
		};
		14B281D715BEF1040030CAC5 /* Release */ = {
			isa = XCBuildConfiguration;
			buildSettings = {
				ALWAYS_SEARCH_USER_PATHS = NO;
				ARCHS = "$(ARCHS_STANDARD_32_BIT)";
				CLANG_ENABLE_OBJC_ARC = YES;
				CLANG_WARN_CONSTANT_CONVERSION = YES;
				CLANG_WARN_ENUM_CONVERSION = YES;
				CLANG_WARN_INT_CONVERSION = YES;
				CLANG_WARN__DUPLICATE_METHOD_MATCH = YES;
				"CODE_SIGN_IDENTITY[sdk=iphoneos*]" = "iPhone Developer";
				COPY_PHASE_STRIP = YES;
				GCC_C_LANGUAGE_STANDARD = gnu99;
				GCC_VERSION = com.apple.compilers.llvm.clang.1_0;
				GCC_WARN_ABOUT_RETURN_TYPE = YES;
				GCC_WARN_UNINITIALIZED_AUTOS = YES;
				GCC_WARN_UNUSED_VARIABLE = YES;
				IPHONEOS_DEPLOYMENT_TARGET = 5.1;
				OTHER_CFLAGS = "-DNS_BLOCK_ASSERTIONS=1";
				SDKROOT = iphoneos;
				TARGETED_DEVICE_FAMILY = "1,2";
				VALIDATE_PRODUCT = YES;
			};
			name = Release;
		};
		14B281D915BEF1040030CAC5 /* Debug */ = {
			isa = XCBuildConfiguration;
			buildSettings = {
				GCC_PRECOMPILE_PREFIX_HEADER = YES;
				GCC_PREFIX_HEADER = "Demo/Demo-Prefix.pch";
				INFOPLIST_FILE = "Demo/Demo-Info.plist";
				PRODUCT_NAME = "$(TARGET_NAME)";
				WRAPPER_EXTENSION = app;
			};
			name = Debug;
		};
		14B281DA15BEF1040030CAC5 /* Release */ = {
			isa = XCBuildConfiguration;
			buildSettings = {
				GCC_PRECOMPILE_PREFIX_HEADER = YES;
				GCC_PREFIX_HEADER = "Demo/Demo-Prefix.pch";
				INFOPLIST_FILE = "Demo/Demo-Info.plist";
				PRODUCT_NAME = "$(TARGET_NAME)";
				WRAPPER_EXTENSION = app;
			};
			name = Release;
		};
/* End XCBuildConfiguration section */

/* Begin XCConfigurationList section */
		14B281B115BEF1040030CAC5 /* Build configuration list for PBXProject "Demo" */ = {
			isa = XCConfigurationList;
			buildConfigurations = (
				14B281D615BEF1040030CAC5 /* Debug */,
				14B281D715BEF1040030CAC5 /* Release */,
			);
			defaultConfigurationIsVisible = 0;
			defaultConfigurationName = Release;
		};
		14B281D815BEF1040030CAC5 /* Build configuration list for PBXNativeTarget "Demo" */ = {
			isa = XCConfigurationList;
			buildConfigurations = (
				14B281D915BEF1040030CAC5 /* Debug */,
				14B281DA15BEF1040030CAC5 /* Release */,
			);
			defaultConfigurationIsVisible = 0;
			defaultConfigurationName = Release;
		};
/* End XCConfigurationList section */
	};
	rootObject = 14B281AE15BEF1040030CAC5 /* Project object */;
}
